// !$*UTF8*$!
{
	archiveVersion = 1;
	classes = {
	};
	objectVersion = 46;
	objects = {

/* Begin PBXBuildFile section */
		2C5D84AD69ECBD7A28F55ECD /* libPods-BetterBaseClasses-BetterBaseClassesTests.a in Frameworks */ = {isa = PBXBuildFile; fileRef = B46DECA753083BA83A0B2C1F /* libPods-BetterBaseClasses-BetterBaseClassesTests.a */; };
		42086D261D47C90800C0E01F /* AppDelegate.m in Sources */ = {isa = PBXBuildFile; fileRef = 42086D251D47C90800C0E01F /* AppDelegate.m */; };
		42086D291D47C90800C0E01F /* ViewController.m in Sources */ = {isa = PBXBuildFile; fileRef = 42086D281D47C90800C0E01F /* ViewController.m */; };
		42086D2C1D47C90800C0E01F /* Main.storyboard in Resources */ = {isa = PBXBuildFile; fileRef = 42086D2A1D47C90800C0E01F /* Main.storyboard */; };
		42086D2E1D47C90800C0E01F /* Assets.xcassets in Resources */ = {isa = PBXBuildFile; fileRef = 42086D2D1D47C90800C0E01F /* Assets.xcassets */; };
		42086D311D47C90800C0E01F /* LaunchScreen.storyboard in Resources */ = {isa = PBXBuildFile; fileRef = 42086D2F1D47C90800C0E01F /* LaunchScreen.storyboard */; };
		42086D471D47C90800C0E01F /* BetterBaseClassesUITests.m in Sources */ = {isa = PBXBuildFile; fileRef = 42086D461D47C90800C0E01F /* BetterBaseClassesUITests.m */; };
		42086D791D47C92400C0E01F /* AppDelegateNotificationKeys.m in Sources */ = {isa = PBXBuildFile; fileRef = 42086D5C1D47C92400C0E01F /* AppDelegateNotificationKeys.m */; };
		42086D7A1D47C92400C0E01F /* BaseAppDelegate.m in Sources */ = {isa = PBXBuildFile; fileRef = 42086D5F1D47C92400C0E01F /* BaseAppDelegate.m */; };
		42086D7B1D47C92400C0E01F /* BaseTableViewController.m in Sources */ = {isa = PBXBuildFile; fileRef = 42086D611D47C92400C0E01F /* BaseTableViewController.m */; };
		42086D7C1D47C92400C0E01F /* BaseViewController.m in Sources */ = {isa = PBXBuildFile; fileRef = 42086D631D47C92400C0E01F /* BaseViewController.m */; };
		42086D7D1D47C92400C0E01F /* DynamicFontTableContainerViewController.m in Sources */ = {isa = PBXBuildFile; fileRef = 42086D651D47C92400C0E01F /* DynamicFontTableContainerViewController.m */; };
		42086D7E1D47C92400C0E01F /* DynamicFontTableViewController.m in Sources */ = {isa = PBXBuildFile; fileRef = 42086D671D47C92400C0E01F /* DynamicFontTableViewController.m */; };
		42086D7F1D47C92400C0E01F /* DynamicFontViewController.m in Sources */ = {isa = PBXBuildFile; fileRef = 42086D691D47C92400C0E01F /* DynamicFontViewController.m */; };
		42086D811D47C92400C0E01F /* UIViewController+BetterBaseClasses.m in Sources */ = {isa = PBXBuildFile; fileRef = 42086D6D1D47C92400C0E01F /* UIViewController+BetterBaseClasses.m */; };
		42086D821D47C92400C0E01F /* BaseTableViewCell.m in Sources */ = {isa = PBXBuildFile; fileRef = 42086D701D47C92400C0E01F /* BaseTableViewCell.m */; };
		42086D831D47C92400C0E01F /* BaseView.m in Sources */ = {isa = PBXBuildFile; fileRef = 42086D721D47C92400C0E01F /* BaseView.m */; };
		42086D841D47C92400C0E01F /* DynamicFontTableViewCell.m in Sources */ = {isa = PBXBuildFile; fileRef = 42086D741D47C92400C0E01F /* DynamicFontTableViewCell.m */; };
		42086D851D47C92400C0E01F /* DynamicFontView.m in Sources */ = {isa = PBXBuildFile; fileRef = 42086D761D47C92400C0E01F /* DynamicFontView.m */; };
		42086D861D47C92400C0E01F /* UIView+BetterBaseClasses.m in Sources */ = {isa = PBXBuildFile; fileRef = 42086D781D47C92400C0E01F /* UIView+BetterBaseClasses.m */; };
		42086D901D47C97400C0E01F /* UIViewController+BetterBaseClassesTests.m in Sources */ = {isa = PBXBuildFile; fileRef = 42086D8E1D47C97400C0E01F /* UIViewController+BetterBaseClassesTests.m */; };
		42086D921D47C97A00C0E01F /* BaseAppDelegateTests.m in Sources */ = {isa = PBXBuildFile; fileRef = 42086D911D47C97A00C0E01F /* BaseAppDelegateTests.m */; };
		42086D951D47C98100C0E01F /* BaseTableViewControllerTests.m in Sources */ = {isa = PBXBuildFile; fileRef = 42086D931D47C98100C0E01F /* BaseTableViewControllerTests.m */; };
		42086D961D47C98100C0E01F /* DynamicFontTableViewControllerTests.m in Sources */ = {isa = PBXBuildFile; fileRef = 42086D941D47C98100C0E01F /* DynamicFontTableViewControllerTests.m */; };
		42086D9A1D47C98C00C0E01F /* BaseViewControllerTests.m in Sources */ = {isa = PBXBuildFile; fileRef = 42086D971D47C98C00C0E01F /* BaseViewControllerTests.m */; };
		42086D9B1D47C98C00C0E01F /* DynamicFontTableContainerViewControllerTests.m in Sources */ = {isa = PBXBuildFile; fileRef = 42086D981D47C98C00C0E01F /* DynamicFontTableContainerViewControllerTests.m */; };
		42086D9C1D47C98C00C0E01F /* DynamicFontViewControllerTests.m in Sources */ = {isa = PBXBuildFile; fileRef = 42086D991D47C98C00C0E01F /* DynamicFontViewControllerTests.m */; };
		42086DA31D47C9B800C0E01F /* BaseViewTests.m in Sources */ = {isa = PBXBuildFile; fileRef = 42086DA01D47C9B800C0E01F /* BaseViewTests.m */; };
		42086DA41D47C9B800C0E01F /* DynamicFontViewTests.m in Sources */ = {isa = PBXBuildFile; fileRef = 42086DA11D47C9B800C0E01F /* DynamicFontViewTests.m */; };
		42086DA51D47C9B800C0E01F /* UIView+BetterBaseClassesTests.m in Sources */ = {isa = PBXBuildFile; fileRef = 42086DA21D47C9B800C0E01F /* UIView+BetterBaseClassesTests.m */; };
		42086DA81D47C9BC00C0E01F /* BaseTableViewCellTests.m in Sources */ = {isa = PBXBuildFile; fileRef = 42086DA61D47C9BC00C0E01F /* BaseTableViewCellTests.m */; };
		42086DA91D47C9BC00C0E01F /* DynamicFontTableViewCellTests.m in Sources */ = {isa = PBXBuildFile; fileRef = 42086DA71D47C9BC00C0E01F /* DynamicFontTableViewCellTests.m */; };
		42086DAD1D47C9D000C0E01F /* BaseTestCase.m in Sources */ = {isa = PBXBuildFile; fileRef = 42086DAC1D47C9D000C0E01F /* BaseTestCase.m */; };
		42996FE21D6CE4A200788736 /* BaseNavigationController.m in Sources */ = {isa = PBXBuildFile; fileRef = 42996FE11D6CE4A200788736 /* BaseNavigationController.m */; };
		42996FE81D6CE80C00788736 /* BaseTabBarController.m in Sources */ = {isa = PBXBuildFile; fileRef = 42996FE71D6CE80C00788736 /* BaseTabBarController.m */; };
		42996FEC1D6CEE8C00788736 /* BaseNavigationControllerTests.m in Sources */ = {isa = PBXBuildFile; fileRef = 42996FEB1D6CEE8C00788736 /* BaseNavigationControllerTests.m */; };
		42996FEE1D6CEE9B00788736 /* BaseTabBarControllerTests.m in Sources */ = {isa = PBXBuildFile; fileRef = 42996FED1D6CEE9B00788736 /* BaseTabBarControllerTests.m */; };
		42AE11B71D63CB0D00AC18ED /* main.m in Sources */ = {isa = PBXBuildFile; fileRef = 42AE11B61D63CB0D00AC18ED /* main.m */; };
		9C6A0C00DB3EA5B42F983AD5 /* libPods-BetterBaseClasses.a in Frameworks */ = {isa = PBXBuildFile; fileRef = 08330038461BB31AB888321A /* libPods-BetterBaseClasses.a */; };
/* End PBXBuildFile section */

/* Begin PBXContainerItemProxy section */
		42086D381D47C90800C0E01F /* PBXContainerItemProxy */ = {
			isa = PBXContainerItemProxy;
			containerPortal = 42086D161D47C90800C0E01F /* Project object */;
			proxyType = 1;
			remoteGlobalIDString = 42086D1D1D47C90800C0E01F;
			remoteInfo = BetterBaseClasses;
		};
		42086D431D47C90800C0E01F /* PBXContainerItemProxy */ = {
			isa = PBXContainerItemProxy;
			containerPortal = 42086D161D47C90800C0E01F /* Project object */;
			proxyType = 1;
			remoteGlobalIDString = 42086D1D1D47C90800C0E01F;
			remoteInfo = BetterBaseClasses;
		};
/* End PBXContainerItemProxy section */

/* Begin PBXFileReference section */
		08330038461BB31AB888321A /* libPods-BetterBaseClasses.a */ = {isa = PBXFileReference; explicitFileType = archive.ar; includeInIndex = 0; path = "libPods-BetterBaseClasses.a"; sourceTree = BUILT_PRODUCTS_DIR; };
		0E5AA8B664BBC5CF605D46C9 /* Pods-BetterBaseClasses.debug.xcconfig */ = {isa = PBXFileReference; includeInIndex = 1; lastKnownFileType = text.xcconfig; name = "Pods-BetterBaseClasses.debug.xcconfig"; path = "Pods/Target Support Files/Pods-BetterBaseClasses/Pods-BetterBaseClasses.debug.xcconfig"; sourceTree = "<group>"; };
		28A16743E0E6CCA571B3A30F /* Pods-BetterBaseClassesTests.debug.xcconfig */ = {isa = PBXFileReference; includeInIndex = 1; lastKnownFileType = text.xcconfig; name = "Pods-BetterBaseClassesTests.debug.xcconfig"; path = "Pods/Target Support Files/Pods-BetterBaseClassesTests/Pods-BetterBaseClassesTests.debug.xcconfig"; sourceTree = "<group>"; };
		3866AAA9B1B6EE8282571F92 /* Pods-BetterBaseClasses-BetterBaseClassesTests.release.xcconfig */ = {isa = PBXFileReference; includeInIndex = 1; lastKnownFileType = text.xcconfig; name = "Pods-BetterBaseClasses-BetterBaseClassesTests.release.xcconfig"; path = "Pods/Target Support Files/Pods-BetterBaseClasses-BetterBaseClassesTests/Pods-BetterBaseClasses-BetterBaseClassesTests.release.xcconfig"; sourceTree = "<group>"; };
		42086D1E1D47C90800C0E01F /* BetterBaseClasses.app */ = {isa = PBXFileReference; explicitFileType = wrapper.application; includeInIndex = 0; path = BetterBaseClasses.app; sourceTree = BUILT_PRODUCTS_DIR; };
		42086D241D47C90800C0E01F /* AppDelegate.h */ = {isa = PBXFileReference; lastKnownFileType = sourcecode.c.h; path = AppDelegate.h; sourceTree = "<group>"; };
		42086D251D47C90800C0E01F /* AppDelegate.m */ = {isa = PBXFileReference; lastKnownFileType = sourcecode.c.objc; path = AppDelegate.m; sourceTree = "<group>"; };
		42086D271D47C90800C0E01F /* ViewController.h */ = {isa = PBXFileReference; lastKnownFileType = sourcecode.c.h; path = ViewController.h; sourceTree = "<group>"; };
		42086D281D47C90800C0E01F /* ViewController.m */ = {isa = PBXFileReference; lastKnownFileType = sourcecode.c.objc; path = ViewController.m; sourceTree = "<group>"; };
		42086D2B1D47C90800C0E01F /* Base */ = {isa = PBXFileReference; lastKnownFileType = file.storyboard; name = Base; path = Base.lproj/Main.storyboard; sourceTree = "<group>"; };
		42086D2D1D47C90800C0E01F /* Assets.xcassets */ = {isa = PBXFileReference; lastKnownFileType = folder.assetcatalog; path = Assets.xcassets; sourceTree = "<group>"; };
		42086D301D47C90800C0E01F /* Base */ = {isa = PBXFileReference; lastKnownFileType = file.storyboard; name = Base; path = Base.lproj/LaunchScreen.storyboard; sourceTree = "<group>"; };
		42086D321D47C90800C0E01F /* Info.plist */ = {isa = PBXFileReference; lastKnownFileType = text.plist.xml; name = Info.plist; path = Demo/Info.plist; sourceTree = "<group>"; };
		42086D371D47C90800C0E01F /* BetterBaseClassesTests.xctest */ = {isa = PBXFileReference; explicitFileType = wrapper.cfbundle; includeInIndex = 0; path = BetterBaseClassesTests.xctest; sourceTree = BUILT_PRODUCTS_DIR; };
		42086D3D1D47C90800C0E01F /* Info.plist */ = {isa = PBXFileReference; lastKnownFileType = text.plist.xml; path = Info.plist; sourceTree = "<group>"; };
		42086D421D47C90800C0E01F /* BetterBaseClassesUITests.xctest */ = {isa = PBXFileReference; explicitFileType = wrapper.cfbundle; includeInIndex = 0; path = BetterBaseClassesUITests.xctest; sourceTree = BUILT_PRODUCTS_DIR; };
		42086D461D47C90800C0E01F /* BetterBaseClassesUITests.m */ = {isa = PBXFileReference; lastKnownFileType = sourcecode.c.objc; path = BetterBaseClassesUITests.m; sourceTree = "<group>"; };
		42086D481D47C90800C0E01F /* Info.plist */ = {isa = PBXFileReference; lastKnownFileType = text.plist.xml; path = Info.plist; sourceTree = "<group>"; };
		42086D561D47C92400C0E01F /* BetterBaseClasses.h */ = {isa = PBXFileReference; fileEncoding = 4; lastKnownFileType = sourcecode.c.h; path = BetterBaseClasses.h; sourceTree = "<group>"; };
		42086D571D47C92400C0E01F /* BetterBaseConstants.h */ = {isa = PBXFileReference; fileEncoding = 4; lastKnownFileType = sourcecode.c.h; path = BetterBaseConstants.h; sourceTree = "<group>"; };
		42086D581D47C92400C0E01F /* BetterBaseControllers.h */ = {isa = PBXFileReference; fileEncoding = 4; lastKnownFileType = sourcecode.c.h; path = BetterBaseControllers.h; sourceTree = "<group>"; };
		42086D591D47C92400C0E01F /* BetterBaseViews.h */ = {isa = PBXFileReference; fileEncoding = 4; lastKnownFileType = sourcecode.c.h; path = BetterBaseViews.h; sourceTree = "<group>"; };
		42086D5B1D47C92400C0E01F /* AppDelegateNotificationKeys.h */ = {isa = PBXFileReference; fileEncoding = 4; lastKnownFileType = sourcecode.c.h; path = AppDelegateNotificationKeys.h; sourceTree = "<group>"; };
		42086D5C1D47C92400C0E01F /* AppDelegateNotificationKeys.m */ = {isa = PBXFileReference; fileEncoding = 4; lastKnownFileType = sourcecode.c.objc; path = AppDelegateNotificationKeys.m; sourceTree = "<group>"; };
		42086D5E1D47C92400C0E01F /* BaseAppDelegate.h */ = {isa = PBXFileReference; fileEncoding = 4; lastKnownFileType = sourcecode.c.h; path = BaseAppDelegate.h; sourceTree = "<group>"; };
		42086D5F1D47C92400C0E01F /* BaseAppDelegate.m */ = {isa = PBXFileReference; fileEncoding = 4; lastKnownFileType = sourcecode.c.objc; path = BaseAppDelegate.m; sourceTree = "<group>"; };
		42086D601D47C92400C0E01F /* BaseTableViewController.h */ = {isa = PBXFileReference; fileEncoding = 4; lastKnownFileType = sourcecode.c.h; path = BaseTableViewController.h; sourceTree = "<group>"; };
		42086D611D47C92400C0E01F /* BaseTableViewController.m */ = {isa = PBXFileReference; fileEncoding = 4; lastKnownFileType = sourcecode.c.objc; path = BaseTableViewController.m; sourceTree = "<group>"; };
		42086D621D47C92400C0E01F /* BaseViewController.h */ = {isa = PBXFileReference; fileEncoding = 4; lastKnownFileType = sourcecode.c.h; path = BaseViewController.h; sourceTree = "<group>"; };
		42086D631D47C92400C0E01F /* BaseViewController.m */ = {isa = PBXFileReference; fileEncoding = 4; lastKnownFileType = sourcecode.c.objc; path = BaseViewController.m; sourceTree = "<group>"; };
		42086D641D47C92400C0E01F /* DynamicFontTableContainerViewController.h */ = {isa = PBXFileReference; fileEncoding = 4; lastKnownFileType = sourcecode.c.h; path = DynamicFontTableContainerViewController.h; sourceTree = "<group>"; };
		42086D651D47C92400C0E01F /* DynamicFontTableContainerViewController.m */ = {isa = PBXFileReference; fileEncoding = 4; lastKnownFileType = sourcecode.c.objc; path = DynamicFontTableContainerViewController.m; sourceTree = "<group>"; };
		42086D661D47C92400C0E01F /* DynamicFontTableViewController.h */ = {isa = PBXFileReference; fileEncoding = 4; lastKnownFileType = sourcecode.c.h; path = DynamicFontTableViewController.h; sourceTree = "<group>"; };
		42086D671D47C92400C0E01F /* DynamicFontTableViewController.m */ = {isa = PBXFileReference; fileEncoding = 4; lastKnownFileType = sourcecode.c.objc; path = DynamicFontTableViewController.m; sourceTree = "<group>"; };
		42086D681D47C92400C0E01F /* DynamicFontViewController.h */ = {isa = PBXFileReference; fileEncoding = 4; lastKnownFileType = sourcecode.c.h; path = DynamicFontViewController.h; sourceTree = "<group>"; };
		42086D691D47C92400C0E01F /* DynamicFontViewController.m */ = {isa = PBXFileReference; fileEncoding = 4; lastKnownFileType = sourcecode.c.objc; path = DynamicFontViewController.m; sourceTree = "<group>"; };
		42086D6C1D47C92400C0E01F /* UIViewController+BetterBaseClasses.h */ = {isa = PBXFileReference; fileEncoding = 4; lastKnownFileType = sourcecode.c.h; path = "UIViewController+BetterBaseClasses.h"; sourceTree = "<group>"; };
		42086D6D1D47C92400C0E01F /* UIViewController+BetterBaseClasses.m */ = {isa = PBXFileReference; fileEncoding = 4; lastKnownFileType = sourcecode.c.objc; path = "UIViewController+BetterBaseClasses.m"; sourceTree = "<group>"; };
		42086D6F1D47C92400C0E01F /* BaseTableViewCell.h */ = {isa = PBXFileReference; fileEncoding = 4; lastKnownFileType = sourcecode.c.h; path = BaseTableViewCell.h; sourceTree = "<group>"; };
		42086D701D47C92400C0E01F /* BaseTableViewCell.m */ = {isa = PBXFileReference; fileEncoding = 4; lastKnownFileType = sourcecode.c.objc; path = BaseTableViewCell.m; sourceTree = "<group>"; };
		42086D711D47C92400C0E01F /* BaseView.h */ = {isa = PBXFileReference; fileEncoding = 4; lastKnownFileType = sourcecode.c.h; path = BaseView.h; sourceTree = "<group>"; };
		42086D721D47C92400C0E01F /* BaseView.m */ = {isa = PBXFileReference; fileEncoding = 4; lastKnownFileType = sourcecode.c.objc; path = BaseView.m; sourceTree = "<group>"; };
		42086D731D47C92400C0E01F /* DynamicFontTableViewCell.h */ = {isa = PBXFileReference; fileEncoding = 4; lastKnownFileType = sourcecode.c.h; path = DynamicFontTableViewCell.h; sourceTree = "<group>"; };
		42086D741D47C92400C0E01F /* DynamicFontTableViewCell.m */ = {isa = PBXFileReference; fileEncoding = 4; lastKnownFileType = sourcecode.c.objc; path = DynamicFontTableViewCell.m; sourceTree = "<group>"; };
		42086D751D47C92400C0E01F /* DynamicFontView.h */ = {isa = PBXFileReference; fileEncoding = 4; lastKnownFileType = sourcecode.c.h; path = DynamicFontView.h; sourceTree = "<group>"; };
		42086D761D47C92400C0E01F /* DynamicFontView.m */ = {isa = PBXFileReference; fileEncoding = 4; lastKnownFileType = sourcecode.c.objc; path = DynamicFontView.m; sourceTree = "<group>"; };
		42086D771D47C92400C0E01F /* UIView+BetterBaseClasses.h */ = {isa = PBXFileReference; fileEncoding = 4; lastKnownFileType = sourcecode.c.h; path = "UIView+BetterBaseClasses.h"; sourceTree = "<group>"; };
		42086D781D47C92400C0E01F /* UIView+BetterBaseClasses.m */ = {isa = PBXFileReference; fileEncoding = 4; lastKnownFileType = sourcecode.c.objc; path = "UIView+BetterBaseClasses.m"; sourceTree = "<group>"; };
		42086D8E1D47C97400C0E01F /* UIViewController+BetterBaseClassesTests.m */ = {isa = PBXFileReference; fileEncoding = 4; lastKnownFileType = sourcecode.c.objc; path = "UIViewController+BetterBaseClassesTests.m"; sourceTree = "<group>"; };
		42086D911D47C97A00C0E01F /* BaseAppDelegateTests.m */ = {isa = PBXFileReference; fileEncoding = 4; lastKnownFileType = sourcecode.c.objc; path = BaseAppDelegateTests.m; sourceTree = "<group>"; };
		42086D931D47C98100C0E01F /* BaseTableViewControllerTests.m */ = {isa = PBXFileReference; fileEncoding = 4; lastKnownFileType = sourcecode.c.objc; path = BaseTableViewControllerTests.m; sourceTree = "<group>"; };
		42086D941D47C98100C0E01F /* DynamicFontTableViewControllerTests.m */ = {isa = PBXFileReference; fileEncoding = 4; lastKnownFileType = sourcecode.c.objc; path = DynamicFontTableViewControllerTests.m; sourceTree = "<group>"; };
		42086D971D47C98C00C0E01F /* BaseViewControllerTests.m */ = {isa = PBXFileReference; fileEncoding = 4; lastKnownFileType = sourcecode.c.objc; path = BaseViewControllerTests.m; sourceTree = "<group>"; };
		42086D981D47C98C00C0E01F /* DynamicFontTableContainerViewControllerTests.m */ = {isa = PBXFileReference; fileEncoding = 4; lastKnownFileType = sourcecode.c.objc; path = DynamicFontTableContainerViewControllerTests.m; sourceTree = "<group>"; };
		42086D991D47C98C00C0E01F /* DynamicFontViewControllerTests.m */ = {isa = PBXFileReference; fileEncoding = 4; lastKnownFileType = sourcecode.c.objc; path = DynamicFontViewControllerTests.m; sourceTree = "<group>"; };
		42086DA01D47C9B800C0E01F /* BaseViewTests.m */ = {isa = PBXFileReference; fileEncoding = 4; lastKnownFileType = sourcecode.c.objc; path = BaseViewTests.m; sourceTree = "<group>"; };
		42086DA11D47C9B800C0E01F /* DynamicFontViewTests.m */ = {isa = PBXFileReference; fileEncoding = 4; lastKnownFileType = sourcecode.c.objc; path = DynamicFontViewTests.m; sourceTree = "<group>"; };
		42086DA21D47C9B800C0E01F /* UIView+BetterBaseClassesTests.m */ = {isa = PBXFileReference; fileEncoding = 4; lastKnownFileType = sourcecode.c.objc; path = "UIView+BetterBaseClassesTests.m"; sourceTree = "<group>"; };
		42086DA61D47C9BC00C0E01F /* BaseTableViewCellTests.m */ = {isa = PBXFileReference; fileEncoding = 4; lastKnownFileType = sourcecode.c.objc; path = BaseTableViewCellTests.m; sourceTree = "<group>"; };
		42086DA71D47C9BC00C0E01F /* DynamicFontTableViewCellTests.m */ = {isa = PBXFileReference; fileEncoding = 4; lastKnownFileType = sourcecode.c.objc; path = DynamicFontTableViewCellTests.m; sourceTree = "<group>"; };
		42086DAB1D47C9D000C0E01F /* BaseTestCase.h */ = {isa = PBXFileReference; fileEncoding = 4; lastKnownFileType = sourcecode.c.h; path = BaseTestCase.h; sourceTree = "<group>"; };
		42086DAC1D47C9D000C0E01F /* BaseTestCase.m */ = {isa = PBXFileReference; fileEncoding = 4; lastKnownFileType = sourcecode.c.objc; path = BaseTestCase.m; sourceTree = "<group>"; };
		42996FE01D6CE4A200788736 /* BaseNavigationController.h */ = {isa = PBXFileReference; fileEncoding = 4; lastKnownFileType = sourcecode.c.h; name = BaseNavigationController.h; path = ../Views/BaseNavigationController.h; sourceTree = "<group>"; };
		42996FE11D6CE4A200788736 /* BaseNavigationController.m */ = {isa = PBXFileReference; fileEncoding = 4; lastKnownFileType = sourcecode.c.objc; name = BaseNavigationController.m; path = ../Views/BaseNavigationController.m; sourceTree = "<group>"; };
		42996FE61D6CE80C00788736 /* BaseTabBarController.h */ = {isa = PBXFileReference; fileEncoding = 4; lastKnownFileType = sourcecode.c.h; path = BaseTabBarController.h; sourceTree = "<group>"; };
		42996FE71D6CE80C00788736 /* BaseTabBarController.m */ = {isa = PBXFileReference; fileEncoding = 4; lastKnownFileType = sourcecode.c.objc; path = BaseTabBarController.m; sourceTree = "<group>"; };
		42996FEB1D6CEE8C00788736 /* BaseNavigationControllerTests.m */ = {isa = PBXFileReference; fileEncoding = 4; lastKnownFileType = sourcecode.c.objc; path = BaseNavigationControllerTests.m; sourceTree = "<group>"; };
		42996FED1D6CEE9B00788736 /* BaseTabBarControllerTests.m */ = {isa = PBXFileReference; fileEncoding = 4; lastKnownFileType = sourcecode.c.objc; path = BaseTabBarControllerTests.m; sourceTree = "<group>"; };
		42AE11B61D63CB0D00AC18ED /* main.m */ = {isa = PBXFileReference; fileEncoding = 4; lastKnownFileType = sourcecode.c.objc; name = main.m; path = Demo/main.m; sourceTree = "<group>"; };
		72C6F54042C574F356591495 /* Pods-BetterBaseClassesTests.release.xcconfig */ = {isa = PBXFileReference; includeInIndex = 1; lastKnownFileType = text.xcconfig; name = "Pods-BetterBaseClassesTests.release.xcconfig"; path = "Pods/Target Support Files/Pods-BetterBaseClassesTests/Pods-BetterBaseClassesTests.release.xcconfig"; sourceTree = "<group>"; };
		75555012B9817BAC390CFCF0 /* Pods-BetterBaseClasses-BetterBaseClassesTests.debug.xcconfig */ = {isa = PBXFileReference; includeInIndex = 1; lastKnownFileType = text.xcconfig; name = "Pods-BetterBaseClasses-BetterBaseClassesTests.debug.xcconfig"; path = "Pods/Target Support Files/Pods-BetterBaseClasses-BetterBaseClassesTests/Pods-BetterBaseClasses-BetterBaseClassesTests.debug.xcconfig"; sourceTree = "<group>"; };
		99516CC8463B5F410BBC3886 /* Pods-BetterBaseClasses.release.xcconfig */ = {isa = PBXFileReference; includeInIndex = 1; lastKnownFileType = text.xcconfig; name = "Pods-BetterBaseClasses.release.xcconfig"; path = "Pods/Target Support Files/Pods-BetterBaseClasses/Pods-BetterBaseClasses.release.xcconfig"; sourceTree = "<group>"; };
		AC304D1C0CD8075888CCEE49 /* libPods-BetterBaseClassesTests.a */ = {isa = PBXFileReference; explicitFileType = archive.ar; includeInIndex = 0; path = "libPods-BetterBaseClassesTests.a"; sourceTree = BUILT_PRODUCTS_DIR; };
		B46DECA753083BA83A0B2C1F /* libPods-BetterBaseClasses-BetterBaseClassesTests.a */ = {isa = PBXFileReference; explicitFileType = archive.ar; includeInIndex = 0; path = "libPods-BetterBaseClasses-BetterBaseClassesTests.a"; sourceTree = BUILT_PRODUCTS_DIR; };
/* End PBXFileReference section */

/* Begin PBXFrameworksBuildPhase section */
		42086D1B1D47C90800C0E01F /* Frameworks */ = {
			isa = PBXFrameworksBuildPhase;
			buildActionMask = 2147483647;
			files = (
				9C6A0C00DB3EA5B42F983AD5 /* libPods-BetterBaseClasses.a in Frameworks */,
			);
			runOnlyForDeploymentPostprocessing = 0;
		};
		42086D341D47C90800C0E01F /* Frameworks */ = {
			isa = PBXFrameworksBuildPhase;
			buildActionMask = 2147483647;
			files = (
				2C5D84AD69ECBD7A28F55ECD /* libPods-BetterBaseClasses-BetterBaseClassesTests.a in Frameworks */,
			);
			runOnlyForDeploymentPostprocessing = 0;
		};
		42086D3F1D47C90800C0E01F /* Frameworks */ = {
			isa = PBXFrameworksBuildPhase;
			buildActionMask = 2147483647;
			files = (
			);
			runOnlyForDeploymentPostprocessing = 0;
		};
/* End PBXFrameworksBuildPhase section */

/* Begin PBXGroup section */
		11D465008D703C954E8AE9F9 /* Pods */ = {
			isa = PBXGroup;
			children = (
				0E5AA8B664BBC5CF605D46C9 /* Pods-BetterBaseClasses.debug.xcconfig */,
				99516CC8463B5F410BBC3886 /* Pods-BetterBaseClasses.release.xcconfig */,
				28A16743E0E6CCA571B3A30F /* Pods-BetterBaseClassesTests.debug.xcconfig */,
				72C6F54042C574F356591495 /* Pods-BetterBaseClassesTests.release.xcconfig */,
				75555012B9817BAC390CFCF0 /* Pods-BetterBaseClasses-BetterBaseClassesTests.debug.xcconfig */,
				3866AAA9B1B6EE8282571F92 /* Pods-BetterBaseClasses-BetterBaseClassesTests.release.xcconfig */,
			);
			name = Pods;
			sourceTree = "<group>";
		};
		42086D151D47C90800C0E01F = {
			isa = PBXGroup;
			children = (
				42086D201D47C90800C0E01F /* BetterBaseClasses */,
				42086D3A1D47C90800C0E01F /* BetterBaseClassesTests */,
				42086D451D47C90800C0E01F /* BetterBaseClassesUITests */,
				42086D1F1D47C90800C0E01F /* Products */,
				11D465008D703C954E8AE9F9 /* Pods */,
				71F67346380C34DE2B4F9586 /* Frameworks */,
			);
			sourceTree = "<group>";
		};
		42086D1F1D47C90800C0E01F /* Products */ = {
			isa = PBXGroup;
			children = (
				42086D1E1D47C90800C0E01F /* BetterBaseClasses.app */,
				42086D371D47C90800C0E01F /* BetterBaseClassesTests.xctest */,
				42086D421D47C90800C0E01F /* BetterBaseClassesUITests.xctest */,
			);
			name = Products;
			sourceTree = "<group>";
		};
		42086D201D47C90800C0E01F /* BetterBaseClasses */ = {
			isa = PBXGroup;
			children = (
				42086D541D47C90E00C0E01F /* Demo */,
				42086D551D47C92400C0E01F /* Library */,
			);
			path = BetterBaseClasses;
			sourceTree = "<group>";
		};
		42086D211D47C90800C0E01F /* Supporting Files */ = {
			isa = PBXGroup;
			children = (
				42086D321D47C90800C0E01F /* Info.plist */,
				42AE11B61D63CB0D00AC18ED /* main.m */,
			);
			name = "Supporting Files";
			path = ..;
			sourceTree = "<group>";
		};
		42086D3A1D47C90800C0E01F /* BetterBaseClassesTests */ = {
			isa = PBXGroup;
			children = (
				42086D871D47C94600C0E01F /* Cases */,
				42086DAA1D47C9C800C0E01F /* Classes */,
				42086DAE1D47C9D200C0E01F /* Supporting Files */,
			);
			path = BetterBaseClassesTests;
			sourceTree = "<group>";
		};
		42086D451D47C90800C0E01F /* BetterBaseClassesUITests */ = {
			isa = PBXGroup;
			children = (
				42086D461D47C90800C0E01F /* BetterBaseClassesUITests.m */,
				42086D481D47C90800C0E01F /* Info.plist */,
			);
			path = BetterBaseClassesUITests;
			sourceTree = "<group>";
		};
		42086D541D47C90E00C0E01F /* Demo */ = {
			isa = PBXGroup;
			children = (
				42AE11B81D63CB1A00AC18ED /* AppDelegate */,
				42AE11B91D63CB1D00AC18ED /* Controllers */,
				42AE11BA1D63CB2200AC18ED /* Resources */,
				42086D211D47C90800C0E01F /* Supporting Files */,
				42AE11BB1D63CB2500AC18ED /* Views */,
			);
			path = Demo;
			sourceTree = "<group>";
		};
		42086D551D47C92400C0E01F /* Library */ = {
			isa = PBXGroup;
			children = (
				42086DAF1D47CB3300C0E01F /* ~Public Headers */,
				42086D5A1D47C92400C0E01F /* Constants */,
				42086D5D1D47C92400C0E01F /* Controllers */,
				42086D6E1D47C92400C0E01F /* Views */,
			);
			path = Library;
			sourceTree = "<group>";
		};
		42086D5A1D47C92400C0E01F /* Constants */ = {
			isa = PBXGroup;
			children = (
				42086D5B1D47C92400C0E01F /* AppDelegateNotificationKeys.h */,
				42086D5C1D47C92400C0E01F /* AppDelegateNotificationKeys.m */,
			);
			path = Constants;
			sourceTree = "<group>";
		};
		42086D5D1D47C92400C0E01F /* Controllers */ = {
			isa = PBXGroup;
			children = (
				42086D6C1D47C92400C0E01F /* UIViewController+BetterBaseClasses.h */,
				42086D6D1D47C92400C0E01F /* UIViewController+BetterBaseClasses.m */,
				42086DB01D47CB6D00C0E01F /* AppDelegate */,
				42996FE41D6CE53600788736 /* UINavigationController */,
				42996FE51D6CE54900788736 /* UITabBarController */,
				42086DB11D47CB7100C0E01F /* UITableViewController */,
				42086DB21D47CB7600C0E01F /* UIViewController */,
			);
			path = Controllers;
			sourceTree = "<group>";
		};
		42086D6E1D47C92400C0E01F /* Views */ = {
			isa = PBXGroup;
			children = (
				42086D6F1D47C92400C0E01F /* BaseTableViewCell.h */,
				42086D701D47C92400C0E01F /* BaseTableViewCell.m */,
				42086D711D47C92400C0E01F /* BaseView.h */,
				42086D721D47C92400C0E01F /* BaseView.m */,
				42086D731D47C92400C0E01F /* DynamicFontTableViewCell.h */,
				42086D741D47C92400C0E01F /* DynamicFontTableViewCell.m */,
				42086D751D47C92400C0E01F /* DynamicFontView.h */,
				42086D761D47C92400C0E01F /* DynamicFontView.m */,
				42086D771D47C92400C0E01F /* UIView+BetterBaseClasses.h */,
				42086D781D47C92400C0E01F /* UIView+BetterBaseClasses.m */,
			);
			path = Views;
			sourceTree = "<group>";
		};
		42086D871D47C94600C0E01F /* Cases */ = {
			isa = PBXGroup;
			children = (
				42086D881D47C94900C0E01F /* Controllers */,
				42086D9D1D47C98E00C0E01F /* Views */,
			);
			name = Cases;
			sourceTree = "<group>";
		};
		42086D881D47C94900C0E01F /* Controllers */ = {
			isa = PBXGroup;
			children = (
				42086D8E1D47C97400C0E01F /* UIViewController+BetterBaseClassesTests.m */,
				42086D8A1D47C95700C0E01F /* AppDelegate */,
				42996FE91D6CEE3F00788736 /* UINavigationController */,
				42996FEA1D6CEE4800788736 /* UITabBarController */,
				42086D8B1D47C95D00C0E01F /* UITableViewController */,
				42086D8C1D47C96300C0E01F /* UIViewController */,
			);
			name = Controllers;
			sourceTree = "<group>";
		};
		42086D8A1D47C95700C0E01F /* AppDelegate */ = {
			isa = PBXGroup;
			children = (
				42086D911D47C97A00C0E01F /* BaseAppDelegateTests.m */,
			);
			name = AppDelegate;
			sourceTree = "<group>";
		};
		42086D8B1D47C95D00C0E01F /* UITableViewController */ = {
			isa = PBXGroup;
			children = (
				42086D931D47C98100C0E01F /* BaseTableViewControllerTests.m */,
				42086D941D47C98100C0E01F /* DynamicFontTableViewControllerTests.m */,
			);
			name = UITableViewController;
			sourceTree = "<group>";
		};
		42086D8C1D47C96300C0E01F /* UIViewController */ = {
			isa = PBXGroup;
			children = (
				42086D971D47C98C00C0E01F /* BaseViewControllerTests.m */,
				42086D981D47C98C00C0E01F /* DynamicFontTableContainerViewControllerTests.m */,
				42086D991D47C98C00C0E01F /* DynamicFontViewControllerTests.m */,
			);
			name = UIViewController;
			sourceTree = "<group>";
		};
		42086D9D1D47C98E00C0E01F /* Views */ = {
			isa = PBXGroup;
			children = (
				42086D9E1D47C9AA00C0E01F /* UITableViewCell */,
				42086D9F1D47C9AE00C0E01F /* UIView */,
			);
			name = Views;
			sourceTree = "<group>";
		};
		42086D9E1D47C9AA00C0E01F /* UITableViewCell */ = {
			isa = PBXGroup;
			children = (
				42086DA61D47C9BC00C0E01F /* BaseTableViewCellTests.m */,
				42086DA71D47C9BC00C0E01F /* DynamicFontTableViewCellTests.m */,
			);
			name = UITableViewCell;
			sourceTree = "<group>";
		};
		42086D9F1D47C9AE00C0E01F /* UIView */ = {
			isa = PBXGroup;
			children = (
				42086DA01D47C9B800C0E01F /* BaseViewTests.m */,
				42086DA11D47C9B800C0E01F /* DynamicFontViewTests.m */,
				42086DA21D47C9B800C0E01F /* UIView+BetterBaseClassesTests.m */,
			);
			name = UIView;
			sourceTree = "<group>";
		};
		42086DAA1D47C9C800C0E01F /* Classes */ = {
			isa = PBXGroup;
			children = (
				42086DAB1D47C9D000C0E01F /* BaseTestCase.h */,
				42086DAC1D47C9D000C0E01F /* BaseTestCase.m */,
			);
			name = Classes;
			sourceTree = "<group>";
		};
		42086DAE1D47C9D200C0E01F /* Supporting Files */ = {
			isa = PBXGroup;
			children = (
				42086D3D1D47C90800C0E01F /* Info.plist */,
			);
			name = "Supporting Files";
			sourceTree = "<group>";
		};
		42086DAF1D47CB3300C0E01F /* ~Public Headers */ = {
			isa = PBXGroup;
			children = (
				42086D561D47C92400C0E01F /* BetterBaseClasses.h */,
				42086D571D47C92400C0E01F /* BetterBaseConstants.h */,
				42086D581D47C92400C0E01F /* BetterBaseControllers.h */,
				42086D591D47C92400C0E01F /* BetterBaseViews.h */,
			);
			name = "~Public Headers";
			sourceTree = "<group>";
		};
		42086DB01D47CB6D00C0E01F /* AppDelegate */ = {
			isa = PBXGroup;
			children = (
				42086D5E1D47C92400C0E01F /* BaseAppDelegate.h */,
				42086D5F1D47C92400C0E01F /* BaseAppDelegate.m */,
			);
			name = AppDelegate;
			sourceTree = "<group>";
		};
		42086DB11D47CB7100C0E01F /* UITableViewController */ = {
			isa = PBXGroup;
			children = (
				42086D601D47C92400C0E01F /* BaseTableViewController.h */,
				42086D611D47C92400C0E01F /* BaseTableViewController.m */,
				42086D641D47C92400C0E01F /* DynamicFontTableContainerViewController.h */,
				42086D651D47C92400C0E01F /* DynamicFontTableContainerViewController.m */,
				42086D661D47C92400C0E01F /* DynamicFontTableViewController.h */,
				42086D671D47C92400C0E01F /* DynamicFontTableViewController.m */,
			);
			name = UITableViewController;
			sourceTree = "<group>";
		};
		42086DB21D47CB7600C0E01F /* UIViewController */ = {
			isa = PBXGroup;
			children = (
				42086D621D47C92400C0E01F /* BaseViewController.h */,
				42086D631D47C92400C0E01F /* BaseViewController.m */,
				42086D681D47C92400C0E01F /* DynamicFontViewController.h */,
				42086D691D47C92400C0E01F /* DynamicFontViewController.m */,
			);
			name = UIViewController;
			sourceTree = "<group>";
		};
		42996FE41D6CE53600788736 /* UINavigationController */ = {
			isa = PBXGroup;
			children = (
				42996FE01D6CE4A200788736 /* BaseNavigationController.h */,
				42996FE11D6CE4A200788736 /* BaseNavigationController.m */,
			);
			name = UINavigationController;
			sourceTree = "<group>";
		};
		42996FE51D6CE54900788736 /* UITabBarController */ = {
			isa = PBXGroup;
			children = (
				42996FE61D6CE80C00788736 /* BaseTabBarController.h */,
				42996FE71D6CE80C00788736 /* BaseTabBarController.m */,
			);
			name = UITabBarController;
			sourceTree = "<group>";
		};
		42996FE91D6CEE3F00788736 /* UINavigationController */ = {
			isa = PBXGroup;
			children = (
				42996FEB1D6CEE8C00788736 /* BaseNavigationControllerTests.m */,
			);
			name = UINavigationController;
			sourceTree = "<group>";
		};
		42996FEA1D6CEE4800788736 /* UITabBarController */ = {
			isa = PBXGroup;
			children = (
				42996FED1D6CEE9B00788736 /* BaseTabBarControllerTests.m */,
			);
			name = UITabBarController;
			sourceTree = "<group>";
		};
		42AE11B81D63CB1A00AC18ED /* AppDelegate */ = {
			isa = PBXGroup;
			children = (
				42086D241D47C90800C0E01F /* AppDelegate.h */,
				42086D251D47C90800C0E01F /* AppDelegate.m */,
			);
			name = AppDelegate;
			sourceTree = "<group>";
		};
		42AE11B91D63CB1D00AC18ED /* Controllers */ = {
			isa = PBXGroup;
			children = (
				42086D271D47C90800C0E01F /* ViewController.h */,
				42086D281D47C90800C0E01F /* ViewController.m */,
			);
			name = Controllers;
			sourceTree = "<group>";
		};
		42AE11BA1D63CB2200AC18ED /* Resources */ = {
			isa = PBXGroup;
			children = (
				42086D2D1D47C90800C0E01F /* Assets.xcassets */,
			);
			name = Resources;
			sourceTree = "<group>";
		};
		42AE11BB1D63CB2500AC18ED /* Views */ = {
			isa = PBXGroup;
			children = (
				42086D2F1D47C90800C0E01F /* LaunchScreen.storyboard */,
				42086D2A1D47C90800C0E01F /* Main.storyboard */,
			);
			name = Views;
			sourceTree = "<group>";
		};
		71F67346380C34DE2B4F9586 /* Frameworks */ = {
			isa = PBXGroup;
			children = (
				08330038461BB31AB888321A /* libPods-BetterBaseClasses.a */,
				AC304D1C0CD8075888CCEE49 /* libPods-BetterBaseClassesTests.a */,
				B46DECA753083BA83A0B2C1F /* libPods-BetterBaseClasses-BetterBaseClassesTests.a */,
			);
			name = Frameworks;
			sourceTree = "<group>";
		};
/* End PBXGroup section */

/* Begin PBXNativeTarget section */
		42086D1D1D47C90800C0E01F /* BetterBaseClasses */ = {
			isa = PBXNativeTarget;
			buildConfigurationList = 42086D4B1D47C90800C0E01F /* Build configuration list for PBXNativeTarget "BetterBaseClasses" */;
			buildPhases = (
				90BE709F88C37F9B07F37281 /* [CP] Check Pods Manifest.lock */,
				42086D1A1D47C90800C0E01F /* Sources */,
				42086D1B1D47C90800C0E01F /* Frameworks */,
				42086D1C1D47C90800C0E01F /* Resources */,
				46FDAD624B19B2079F8651EE /* [CP] Embed Pods Frameworks */,
				96594B93C224654497A3B964 /* [CP] Copy Pods Resources */,
			);
			buildRules = (
			);
			dependencies = (
			);
			name = BetterBaseClasses;
			productName = BetterBaseClasses;
			productReference = 42086D1E1D47C90800C0E01F /* BetterBaseClasses.app */;
			productType = "com.apple.product-type.application";
		};
		42086D361D47C90800C0E01F /* BetterBaseClassesTests */ = {
			isa = PBXNativeTarget;
			buildConfigurationList = 42086D4E1D47C90800C0E01F /* Build configuration list for PBXNativeTarget "BetterBaseClassesTests" */;
			buildPhases = (
				E60EF0D29FFBDA2A400D1278 /* [CP] Check Pods Manifest.lock */,
				42086D331D47C90800C0E01F /* Sources */,
				42086D341D47C90800C0E01F /* Frameworks */,
				42086D351D47C90800C0E01F /* Resources */,
				96B63E1317E849236363F8E3 /* [CP] Embed Pods Frameworks */,
				2D76A15D4DDBDCB6CB6D9010 /* [CP] Copy Pods Resources */,
			);
			buildRules = (
			);
			dependencies = (
				42086D391D47C90800C0E01F /* PBXTargetDependency */,
			);
			name = BetterBaseClassesTests;
			productName = BetterBaseClassesTests;
			productReference = 42086D371D47C90800C0E01F /* BetterBaseClassesTests.xctest */;
			productType = "com.apple.product-type.bundle.unit-test";
		};
		42086D411D47C90800C0E01F /* BetterBaseClassesUITests */ = {
			isa = PBXNativeTarget;
			buildConfigurationList = 42086D511D47C90800C0E01F /* Build configuration list for PBXNativeTarget "BetterBaseClassesUITests" */;
			buildPhases = (
				42086D3E1D47C90800C0E01F /* Sources */,
				42086D3F1D47C90800C0E01F /* Frameworks */,
				42086D401D47C90800C0E01F /* Resources */,
			);
			buildRules = (
			);
			dependencies = (
				42086D441D47C90800C0E01F /* PBXTargetDependency */,
			);
			name = BetterBaseClassesUITests;
			productName = BetterBaseClassesUITests;
			productReference = 42086D421D47C90800C0E01F /* BetterBaseClassesUITests.xctest */;
			productType = "com.apple.product-type.bundle.ui-testing";
		};
/* End PBXNativeTarget section */

/* Begin PBXProject section */
		42086D161D47C90800C0E01F /* Project object */ = {
			isa = PBXProject;
			attributes = {
				LastUpgradeCheck = 0730;
				ORGANIZATIONNAME = "Joshua Greene";
				TargetAttributes = {
					42086D1D1D47C90800C0E01F = {
						CreatedOnToolsVersion = 7.3.1;
					};
					42086D361D47C90800C0E01F = {
						CreatedOnToolsVersion = 7.3.1;
						TestTargetID = 42086D1D1D47C90800C0E01F;
					};
					42086D411D47C90800C0E01F = {
						CreatedOnToolsVersion = 7.3.1;
						TestTargetID = 42086D1D1D47C90800C0E01F;
					};
				};
			};
			buildConfigurationList = 42086D191D47C90800C0E01F /* Build configuration list for PBXProject "BetterBaseClasses" */;
			compatibilityVersion = "Xcode 3.2";
			developmentRegion = English;
			hasScannedForEncodings = 0;
			knownRegions = (
				en,
				Base,
			);
			mainGroup = 42086D151D47C90800C0E01F;
			productRefGroup = 42086D1F1D47C90800C0E01F /* Products */;
			projectDirPath = "";
			projectRoot = "";
			targets = (
				42086D1D1D47C90800C0E01F /* BetterBaseClasses */,
				42086D361D47C90800C0E01F /* BetterBaseClassesTests */,
				42086D411D47C90800C0E01F /* BetterBaseClassesUITests */,
			);
		};
/* End PBXProject section */

/* Begin PBXResourcesBuildPhase section */
		42086D1C1D47C90800C0E01F /* Resources */ = {
			isa = PBXResourcesBuildPhase;
			buildActionMask = 2147483647;
			files = (
				42086D311D47C90800C0E01F /* LaunchScreen.storyboard in Resources */,
				42086D2E1D47C90800C0E01F /* Assets.xcassets in Resources */,
				42086D2C1D47C90800C0E01F /* Main.storyboard in Resources */,
			);
			runOnlyForDeploymentPostprocessing = 0;
		};
		42086D351D47C90800C0E01F /* Resources */ = {
			isa = PBXResourcesBuildPhase;
			buildActionMask = 2147483647;
			files = (
			);
			runOnlyForDeploymentPostprocessing = 0;
		};
		42086D401D47C90800C0E01F /* Resources */ = {
			isa = PBXResourcesBuildPhase;
			buildActionMask = 2147483647;
			files = (
			);
			runOnlyForDeploymentPostprocessing = 0;
		};
/* End PBXResourcesBuildPhase section */

/* Begin PBXShellScriptBuildPhase section */
		2D76A15D4DDBDCB6CB6D9010 /* [CP] Copy Pods Resources */ = {
			isa = PBXShellScriptBuildPhase;
			buildActionMask = 2147483647;
			files = (
			);
			inputPaths = (
			);
			name = "[CP] Copy Pods Resources";
			outputPaths = (
			);
			runOnlyForDeploymentPostprocessing = 0;
			shellPath = /bin/sh;
			shellScript = "\"${SRCROOT}/Pods/Target Support Files/Pods-BetterBaseClasses-BetterBaseClassesTests/Pods-BetterBaseClasses-BetterBaseClassesTests-resources.sh\"\n";
			showEnvVarsInLog = 0;
		};
		46FDAD624B19B2079F8651EE /* [CP] Embed Pods Frameworks */ = {
			isa = PBXShellScriptBuildPhase;
			buildActionMask = 2147483647;
			files = (
			);
			inputPaths = (
			);
			name = "[CP] Embed Pods Frameworks";
			outputPaths = (
			);
			runOnlyForDeploymentPostprocessing = 0;
			shellPath = /bin/sh;
			shellScript = "\"${SRCROOT}/Pods/Target Support Files/Pods-BetterBaseClasses/Pods-BetterBaseClasses-frameworks.sh\"\n";
			showEnvVarsInLog = 0;
		};
		90BE709F88C37F9B07F37281 /* [CP] Check Pods Manifest.lock */ = {
			isa = PBXShellScriptBuildPhase;
			buildActionMask = 2147483647;
			files = (
			);
			inputPaths = (
			);
			name = "[CP] Check Pods Manifest.lock";
			outputPaths = (
			);
			runOnlyForDeploymentPostprocessing = 0;
			shellPath = /bin/sh;
			shellScript = "diff \"${PODS_ROOT}/../Podfile.lock\" \"${PODS_ROOT}/Manifest.lock\" > /dev/null\nif [[ $? != 0 ]] ; then\n    cat << EOM\nerror: The sandbox is not in sync with the Podfile.lock. Run 'pod install' or update your CocoaPods installation.\nEOM\n    exit 1\nfi\n";
			showEnvVarsInLog = 0;
		};
		96594B93C224654497A3B964 /* [CP] Copy Pods Resources */ = {
			isa = PBXShellScriptBuildPhase;
			buildActionMask = 2147483647;
			files = (
			);
			inputPaths = (
			);
			name = "[CP] Copy Pods Resources";
			outputPaths = (
			);
			runOnlyForDeploymentPostprocessing = 0;
			shellPath = /bin/sh;
			shellScript = "\"${SRCROOT}/Pods/Target Support Files/Pods-BetterBaseClasses/Pods-BetterBaseClasses-resources.sh\"\n";
			showEnvVarsInLog = 0;
		};
		96B63E1317E849236363F8E3 /* [CP] Embed Pods Frameworks */ = {
			isa = PBXShellScriptBuildPhase;
			buildActionMask = 2147483647;
			files = (
			);
			inputPaths = (
			);
			name = "[CP] Embed Pods Frameworks";
			outputPaths = (
			);
			runOnlyForDeploymentPostprocessing = 0;
			shellPath = /bin/sh;
			shellScript = "\"${SRCROOT}/Pods/Target Support Files/Pods-BetterBaseClasses-BetterBaseClassesTests/Pods-BetterBaseClasses-BetterBaseClassesTests-frameworks.sh\"\n";
			showEnvVarsInLog = 0;
		};
		E60EF0D29FFBDA2A400D1278 /* [CP] Check Pods Manifest.lock */ = {
			isa = PBXShellScriptBuildPhase;
			buildActionMask = 2147483647;
			files = (
			);
			inputPaths = (
			);
			name = "[CP] Check Pods Manifest.lock";
			outputPaths = (
			);
			runOnlyForDeploymentPostprocessing = 0;
			shellPath = /bin/sh;
			shellScript = "diff \"${PODS_ROOT}/../Podfile.lock\" \"${PODS_ROOT}/Manifest.lock\" > /dev/null\nif [[ $? != 0 ]] ; then\n    cat << EOM\nerror: The sandbox is not in sync with the Podfile.lock. Run 'pod install' or update your CocoaPods installation.\nEOM\n    exit 1\nfi\n";
			showEnvVarsInLog = 0;
		};
/* End PBXShellScriptBuildPhase section */

/* Begin PBXSourcesBuildPhase section */
		42086D1A1D47C90800C0E01F /* Sources */ = {
			isa = PBXSourcesBuildPhase;
			buildActionMask = 2147483647;
			files = (
				42086D291D47C90800C0E01F /* ViewController.m in Sources */,
				42086D261D47C90800C0E01F /* AppDelegate.m in Sources */,
				42086D861D47C92400C0E01F /* UIView+BetterBaseClasses.m in Sources */,
				42086D7E1D47C92400C0E01F /* DynamicFontTableViewController.m in Sources */,
				42996FE81D6CE80C00788736 /* BaseTabBarController.m in Sources */,
				42086D851D47C92400C0E01F /* DynamicFontView.m in Sources */,
				42086D7D1D47C92400C0E01F /* DynamicFontTableContainerViewController.m in Sources */,
				42086D841D47C92400C0E01F /* DynamicFontTableViewCell.m in Sources */,
				42086D7A1D47C92400C0E01F /* BaseAppDelegate.m in Sources */,
				42086D811D47C92400C0E01F /* UIViewController+BetterBaseClasses.m in Sources */,
				42086D7B1D47C92400C0E01F /* BaseTableViewController.m in Sources */,
				42086D821D47C92400C0E01F /* BaseTableViewCell.m in Sources */,
				42996FE21D6CE4A200788736 /* BaseNavigationController.m in Sources */,
				42086D831D47C92400C0E01F /* BaseView.m in Sources */,
				42086D7F1D47C92400C0E01F /* DynamicFontViewController.m in Sources */,
				42086D7C1D47C92400C0E01F /* BaseViewController.m in Sources */,
				42AE11B71D63CB0D00AC18ED /* main.m in Sources */,
				42086D791D47C92400C0E01F /* AppDelegateNotificationKeys.m in Sources */,
			);
			runOnlyForDeploymentPostprocessing = 0;
		};
		42086D331D47C90800C0E01F /* Sources */ = {
			isa = PBXSourcesBuildPhase;
			buildActionMask = 2147483647;
			files = (
				42086DA81D47C9BC00C0E01F /* BaseTableViewCellTests.m in Sources */,
				42086D901D47C97400C0E01F /* UIViewController+BetterBaseClassesTests.m in Sources */,
				42086DA91D47C9BC00C0E01F /* DynamicFontTableViewCellTests.m in Sources */,
				42086D9B1D47C98C00C0E01F /* DynamicFontTableContainerViewControllerTests.m in Sources */,
				42086D9C1D47C98C00C0E01F /* DynamicFontViewControllerTests.m in Sources */,
				42086DA31D47C9B800C0E01F /* BaseViewTests.m in Sources */,
				42086DA51D47C9B800C0E01F /* UIView+BetterBaseClassesTests.m in Sources */,
				42086DAD1D47C9D000C0E01F /* BaseTestCase.m in Sources */,
				42086D951D47C98100C0E01F /* BaseTableViewControllerTests.m in Sources */,
				42086D9A1D47C98C00C0E01F /* BaseViewControllerTests.m in Sources */,
				42996FEE1D6CEE9B00788736 /* BaseTabBarControllerTests.m in Sources */,
				42996FEC1D6CEE8C00788736 /* BaseNavigationControllerTests.m in Sources */,
				42086DA41D47C9B800C0E01F /* DynamicFontViewTests.m in Sources */,
				42086D921D47C97A00C0E01F /* BaseAppDelegateTests.m in Sources */,
				42086D961D47C98100C0E01F /* DynamicFontTableViewControllerTests.m in Sources */,
			);
			runOnlyForDeploymentPostprocessing = 0;
		};
		42086D3E1D47C90800C0E01F /* Sources */ = {
			isa = PBXSourcesBuildPhase;
			buildActionMask = 2147483647;
			files = (
				42086D471D47C90800C0E01F /* BetterBaseClassesUITests.m in Sources */,
			);
			runOnlyForDeploymentPostprocessing = 0;
		};
/* End PBXSourcesBuildPhase section */

/* Begin PBXTargetDependency section */
		42086D391D47C90800C0E01F /* PBXTargetDependency */ = {
			isa = PBXTargetDependency;
			target = 42086D1D1D47C90800C0E01F /* BetterBaseClasses */;
			targetProxy = 42086D381D47C90800C0E01F /* PBXContainerItemProxy */;
		};
		42086D441D47C90800C0E01F /* PBXTargetDependency */ = {
			isa = PBXTargetDependency;
			target = 42086D1D1D47C90800C0E01F /* BetterBaseClasses */;
			targetProxy = 42086D431D47C90800C0E01F /* PBXContainerItemProxy */;
		};
/* End PBXTargetDependency section */

/* Begin PBXVariantGroup section */
		42086D2A1D47C90800C0E01F /* Main.storyboard */ = {
			isa = PBXVariantGroup;
			children = (
				42086D2B1D47C90800C0E01F /* Base */,
			);
			name = Main.storyboard;
			sourceTree = "<group>";
		};
		42086D2F1D47C90800C0E01F /* LaunchScreen.storyboard */ = {
			isa = PBXVariantGroup;
			children = (
				42086D301D47C90800C0E01F /* Base */,
			);
			name = LaunchScreen.storyboard;
			sourceTree = "<group>";
		};
/* End PBXVariantGroup section */

/* Begin XCBuildConfiguration section */
		42086D491D47C90800C0E01F /* Debug */ = {
			isa = XCBuildConfiguration;
			buildSettings = {
				ALWAYS_SEARCH_USER_PATHS = NO;
				CLANG_ANALYZER_NONNULL = YES;
				CLANG_CXX_LANGUAGE_STANDARD = "gnu++0x";
				CLANG_CXX_LIBRARY = "libc++";
				CLANG_ENABLE_MODULES = YES;
				CLANG_ENABLE_OBJC_ARC = YES;
				CLANG_WARN_BOOL_CONVERSION = YES;
				CLANG_WARN_CONSTANT_CONVERSION = YES;
				CLANG_WARN_DIRECT_OBJC_ISA_USAGE = YES_ERROR;
				CLANG_WARN_EMPTY_BODY = YES;
				CLANG_WARN_ENUM_CONVERSION = YES;
				CLANG_WARN_INT_CONVERSION = YES;
				CLANG_WARN_OBJC_ROOT_CLASS = YES_ERROR;
				CLANG_WARN_UNREACHABLE_CODE = YES;
				CLANG_WARN__DUPLICATE_METHOD_MATCH = YES;
				"CODE_SIGN_IDENTITY[sdk=iphoneos*]" = "iPhone Developer";
				COPY_PHASE_STRIP = NO;
				DEBUG_INFORMATION_FORMAT = dwarf;
				ENABLE_STRICT_OBJC_MSGSEND = YES;
				ENABLE_TESTABILITY = YES;
				GCC_C_LANGUAGE_STANDARD = gnu99;
				GCC_DYNAMIC_NO_PIC = NO;
				GCC_NO_COMMON_BLOCKS = YES;
				GCC_OPTIMIZATION_LEVEL = 0;
				GCC_PREPROCESSOR_DEFINITIONS = (
					"DEBUG=1",
					"$(inherited)",
				);
				GCC_WARN_64_TO_32_BIT_CONVERSION = YES;
				GCC_WARN_ABOUT_RETURN_TYPE = YES_ERROR;
				GCC_WARN_UNDECLARED_SELECTOR = YES;
				GCC_WARN_UNINITIALIZED_AUTOS = YES_AGGRESSIVE;
				GCC_WARN_UNUSED_FUNCTION = YES;
				GCC_WARN_UNUSED_VARIABLE = YES;
				IPHONEOS_DEPLOYMENT_TARGET = 9.3;
				MTL_ENABLE_DEBUG_INFO = YES;
				ONLY_ACTIVE_ARCH = YES;
				SDKROOT = iphoneos;
				TARGETED_DEVICE_FAMILY = "1,2";
			};
			name = Debug;
		};
		42086D4A1D47C90800C0E01F /* Release */ = {
			isa = XCBuildConfiguration;
			buildSettings = {
				ALWAYS_SEARCH_USER_PATHS = NO;
				CLANG_ANALYZER_NONNULL = YES;
				CLANG_CXX_LANGUAGE_STANDARD = "gnu++0x";
				CLANG_CXX_LIBRARY = "libc++";
				CLANG_ENABLE_MODULES = YES;
				CLANG_ENABLE_OBJC_ARC = YES;
				CLANG_WARN_BOOL_CONVERSION = YES;
				CLANG_WARN_CONSTANT_CONVERSION = YES;
				CLANG_WARN_DIRECT_OBJC_ISA_USAGE = YES_ERROR;
				CLANG_WARN_EMPTY_BODY = YES;
				CLANG_WARN_ENUM_CONVERSION = YES;
				CLANG_WARN_INT_CONVERSION = YES;
				CLANG_WARN_OBJC_ROOT_CLASS = YES_ERROR;
				CLANG_WARN_UNREACHABLE_CODE = YES;
				CLANG_WARN__DUPLICATE_METHOD_MATCH = YES;
				"CODE_SIGN_IDENTITY[sdk=iphoneos*]" = "iPhone Developer";
				COPY_PHASE_STRIP = NO;
				DEBUG_INFORMATION_FORMAT = "dwarf-with-dsym";
				ENABLE_NS_ASSERTIONS = NO;
				ENABLE_STRICT_OBJC_MSGSEND = YES;
				GCC_C_LANGUAGE_STANDARD = gnu99;
				GCC_NO_COMMON_BLOCKS = YES;
				GCC_WARN_64_TO_32_BIT_CONVERSION = YES;
				GCC_WARN_ABOUT_RETURN_TYPE = YES_ERROR;
				GCC_WARN_UNDECLARED_SELECTOR = YES;
				GCC_WARN_UNINITIALIZED_AUTOS = YES_AGGRESSIVE;
				GCC_WARN_UNUSED_FUNCTION = YES;
				GCC_WARN_UNUSED_VARIABLE = YES;
				IPHONEOS_DEPLOYMENT_TARGET = 9.3;
				MTL_ENABLE_DEBUG_INFO = NO;
				SDKROOT = iphoneos;
				TARGETED_DEVICE_FAMILY = "1,2";
				VALIDATE_PRODUCT = YES;
			};
			name = Release;
		};
		42086D4C1D47C90800C0E01F /* Debug */ = {
			isa = XCBuildConfiguration;
			baseConfigurationReference = 0E5AA8B664BBC5CF605D46C9 /* Pods-BetterBaseClasses.debug.xcconfig */;
			buildSettings = {
				ASSETCATALOG_COMPILER_APPICON_NAME = AppIcon;
				INFOPLIST_FILE = BetterBaseClasses/Demo/Info.plist;
				LD_RUNPATH_SEARCH_PATHS = "$(inherited) @executable_path/Frameworks";
				PRODUCT_BUNDLE_IDENTIFIER = com.jrgdeveloper.BetterBaseClasses;
				PRODUCT_NAME = "$(TARGET_NAME)";
			};
			name = Debug;
		};
		42086D4D1D47C90800C0E01F /* Release */ = {
			isa = XCBuildConfiguration;
			baseConfigurationReference = 99516CC8463B5F410BBC3886 /* Pods-BetterBaseClasses.release.xcconfig */;
			buildSettings = {
				ASSETCATALOG_COMPILER_APPICON_NAME = AppIcon;
				INFOPLIST_FILE = BetterBaseClasses/Demo/Info.plist;
				LD_RUNPATH_SEARCH_PATHS = "$(inherited) @executable_path/Frameworks";
				PRODUCT_BUNDLE_IDENTIFIER = com.jrgdeveloper.BetterBaseClasses;
				PRODUCT_NAME = "$(TARGET_NAME)";
			};
			name = Release;
		};
		42086D4F1D47C90800C0E01F /* Debug */ = {
			isa = XCBuildConfiguration;
			baseConfigurationReference = 75555012B9817BAC390CFCF0 /* Pods-BetterBaseClasses-BetterBaseClassesTests.debug.xcconfig */;
			buildSettings = {
				BUNDLE_LOADER = "$(TEST_HOST)";
				INFOPLIST_FILE = BetterBaseClassesTests/Info.plist;
				LD_RUNPATH_SEARCH_PATHS = "$(inherited) @executable_path/Frameworks @loader_path/Frameworks";
				PRODUCT_BUNDLE_IDENTIFIER = com.jrgdeveloper.BetterBaseClassesTests;
				PRODUCT_NAME = "$(TARGET_NAME)";
				TEST_HOST = "$(BUILT_PRODUCTS_DIR)/BetterBaseClasses.app/BetterBaseClasses";
			};
			name = Debug;
		};
		42086D501D47C90800C0E01F /* Release */ = {
			isa = XCBuildConfiguration;
			baseConfigurationReference = 3866AAA9B1B6EE8282571F92 /* Pods-BetterBaseClasses-BetterBaseClassesTests.release.xcconfig */;
			buildSettings = {
				BUNDLE_LOADER = "$(TEST_HOST)";
				INFOPLIST_FILE = BetterBaseClassesTests/Info.plist;
				LD_RUNPATH_SEARCH_PATHS = "$(inherited) @executable_path/Frameworks @loader_path/Frameworks";
				PRODUCT_BUNDLE_IDENTIFIER = com.jrgdeveloper.BetterBaseClassesTests;
				PRODUCT_NAME = "$(TARGET_NAME)";
				TEST_HOST = "$(BUILT_PRODUCTS_DIR)/BetterBaseClasses.app/BetterBaseClasses";
			};
			name = Release;
		};
		42086D521D47C90800C0E01F /* Debug */ = {
			isa = XCBuildConfiguration;
			buildSettings = {
				INFOPLIST_FILE = BetterBaseClassesUITests/Info.plist;
				LD_RUNPATH_SEARCH_PATHS = "$(inherited) @executable_path/Frameworks @loader_path/Frameworks";
				PRODUCT_BUNDLE_IDENTIFIER = com.jrgdeveloper.BetterBaseClassesUITests;
				PRODUCT_NAME = "$(TARGET_NAME)";
				TEST_TARGET_NAME = BetterBaseClasses;
			};
			name = Debug;
		};
		42086D531D47C90800C0E01F /* Release */ = {
			isa = XCBuildConfiguration;
			buildSettings = {
				INFOPLIST_FILE = BetterBaseClassesUITests/Info.plist;
				LD_RUNPATH_SEARCH_PATHS = "$(inherited) @executable_path/Frameworks @loader_path/Frameworks";
				PRODUCT_BUNDLE_IDENTIFIER = com.jrgdeveloper.BetterBaseClassesUITests;
				PRODUCT_NAME = "$(TARGET_NAME)";
				TEST_TARGET_NAME = BetterBaseClasses;
			};
			name = Release;
		};
/* End XCBuildConfiguration section */

/* Begin XCConfigurationList section */
		42086D191D47C90800C0E01F /* Build configuration list for PBXProject "BetterBaseClasses" */ = {
			isa = XCConfigurationList;
			buildConfigurations = (
				42086D491D47C90800C0E01F /* Debug */,
				42086D4A1D47C90800C0E01F /* Release */,
			);
			defaultConfigurationIsVisible = 0;
			defaultConfigurationName = Release;
		};
		42086D4B1D47C90800C0E01F /* Build configuration list for PBXNativeTarget "BetterBaseClasses" */ = {
			isa = XCConfigurationList;
			buildConfigurations = (
				42086D4C1D47C90800C0E01F /* Debug */,
				42086D4D1D47C90800C0E01F /* Release */,
			);
			defaultConfigurationIsVisible = 0;
			defaultConfigurationName = Release;
		};
		42086D4E1D47C90800C0E01F /* Build configuration list for PBXNativeTarget "BetterBaseClassesTests" */ = {
			isa = XCConfigurationList;
			buildConfigurations = (
				42086D4F1D47C90800C0E01F /* Debug */,
				42086D501D47C90800C0E01F /* Release */,
			);
			defaultConfigurationIsVisible = 0;
			defaultConfigurationName = Release;
		};
		42086D511D47C90800C0E01F /* Build configuration list for PBXNativeTarget "BetterBaseClassesUITests" */ = {
			isa = XCConfigurationList;
			buildConfigurations = (
				42086D521D47C90800C0E01F /* Debug */,
				42086D531D47C90800C0E01F /* Release */,
			);
			defaultConfigurationIsVisible = 0;
			defaultConfigurationName = Release;
		};
/* End XCConfigurationList section */
	};
	rootObject = 42086D161D47C90800C0E01F /* Project object */;
}
