// !$*UTF8*$!
{
	archiveVersion = 1;
	classes = {
	};
	objectVersion = 46;
	objects = {

/* Begin PBXBuildFile section */
		0006C72113B5CDC9E892C241 /* libPods-BetterBaseClasses.a in Frameworks */ = {isa = PBXBuildFile; fileRef = 26068A27374B284FACA95FD3 /* libPods-BetterBaseClasses.a */; };
		3C45EEBF192C128192DEA5FF /* libPods-BetterBaseClassesTests.a in Frameworks */ = {isa = PBXBuildFile; fileRef = 70B010B876E9891039A6E4BB /* libPods-BetterBaseClassesTests.a */; };
		420A6E8F1AE0640D00068428 /* BaseAppDelegate.m in Sources */ = {isa = PBXBuildFile; fileRef = 420A6E8E1AE0640D00068428 /* BaseAppDelegate.m */; };
		420A6E981AE06EB900068428 /* BaseAppDelegateTests.m in Sources */ = {isa = PBXBuildFile; fileRef = 420A6E971AE06EB900068428 /* BaseAppDelegateTests.m */; };
		4225106F1AA52EC10078C6BF /* DynamicFontView.m in Sources */ = {isa = PBXBuildFile; fileRef = 4225106E1AA52EC10078C6BF /* DynamicFontView.m */; };
		422510751AA533C30078C6BF /* DynamicFontTableViewCell.m in Sources */ = {isa = PBXBuildFile; fileRef = 422510741AA533C30078C6BF /* DynamicFontTableViewCell.m */; };
		422510791AA534D60078C6BF /* DynamicFontTableViewCellTests.m in Sources */ = {isa = PBXBuildFile; fileRef = 422510781AA534D60078C6BF /* DynamicFontTableViewCellTests.m */; };
		4225107B1AA534E80078C6BF /* DynamicFontViewTests.m in Sources */ = {isa = PBXBuildFile; fileRef = 4225107A1AA534E80078C6BF /* DynamicFontViewTests.m */; };
		424F601B1A9ACAB30041DC64 /* BetterBaseClasses.h in CopyFiles */ = {isa = PBXBuildFile; fileRef = 424F601A1A9ACAB30041DC64 /* BetterBaseClasses.h */; };
		424F60231A9ACAB30041DC64 /* libBetterBaseClasses.a in Frameworks */ = {isa = PBXBuildFile; fileRef = 424F60171A9ACAB30041DC64 /* libBetterBaseClasses.a */; };
		424F60331A9ACAF70041DC64 /* UIViewController+BetterBaseClasses.m in Sources */ = {isa = PBXBuildFile; fileRef = 424F60321A9ACAF70041DC64 /* UIViewController+BetterBaseClasses.m */; };
		424F60361A9ACF860041DC64 /* BaseTableViewController.m in Sources */ = {isa = PBXBuildFile; fileRef = 424F60351A9ACF860041DC64 /* BaseTableViewController.m */; };
		424F60391A9ACF930041DC64 /* BaseViewController.m in Sources */ = {isa = PBXBuildFile; fileRef = 424F60381A9ACF930041DC64 /* BaseViewController.m */; };
		4280FACE1AA51242009F2FE6 /* DynamicFontViewController.m in Sources */ = {isa = PBXBuildFile; fileRef = 4280FACD1AA51242009F2FE6 /* DynamicFontViewController.m */; };
		4280FAD31AA516B4009F2FE6 /* DynamicFontTableViewController.m in Sources */ = {isa = PBXBuildFile; fileRef = 4280FAD21AA516B4009F2FE6 /* DynamicFontTableViewController.m */; };
		4280FAD71AA51851009F2FE6 /* DynamicFontTableViewControllerTests.m in Sources */ = {isa = PBXBuildFile; fileRef = 4280FAD61AA51851009F2FE6 /* DynamicFontTableViewControllerTests.m */; };
		4280FAD91AA51A4A009F2FE6 /* DynamicFontViewControllerTests.m in Sources */ = {isa = PBXBuildFile; fileRef = 4280FAD81AA51A4A009F2FE6 /* DynamicFontViewControllerTests.m */; };
		4284600A1AE07CFF0065B813 /* AppDelegateNotificationKeys.m in Sources */ = {isa = PBXBuildFile; fileRef = 428460091AE07CFF0065B813 /* AppDelegateNotificationKeys.m */; };
		428F4EB51A9F0B6B000F4FD7 /* BaseTableViewCell.m in Sources */ = {isa = PBXBuildFile; fileRef = 428F4EB41A9F0B6B000F4FD7 /* BaseTableViewCell.m */; };
		428F4EBA1A9F0F78000F4FD7 /* BaseTableViewCellTests.m in Sources */ = {isa = PBXBuildFile; fileRef = 428F4EB91A9F0F78000F4FD7 /* BaseTableViewCellTests.m */; };
		428F4EBB1A9F0F7D000F4FD7 /* BaseViewTests.m in Sources */ = {isa = PBXBuildFile; fileRef = 428F4EB71A9F0F65000F4FD7 /* BaseViewTests.m */; };
		42A13CD11A9AD75000D76B87 /* UIViewController+BetterBaseClassesTests.m in Sources */ = {isa = PBXBuildFile; fileRef = 42A13CD01A9AD75000D76B87 /* UIViewController+BetterBaseClassesTests.m */; };
		42A13CD51A9AD76800D76B87 /* BaseTableViewControllerTests.m in Sources */ = {isa = PBXBuildFile; fileRef = 42A13CD41A9AD76800D76B87 /* BaseTableViewControllerTests.m */; };
		42A13CD71A9AD77400D76B87 /* BaseViewControllerTests.m in Sources */ = {isa = PBXBuildFile; fileRef = 42A13CD61A9AD77400D76B87 /* BaseViewControllerTests.m */; };
		42CD369F1AA7C2D4007CEAA7 /* DynamicFontTableContainerViewController.m in Sources */ = {isa = PBXBuildFile; fileRef = 42CD369E1AA7C2D4007CEAA7 /* DynamicFontTableContainerViewController.m */; };
		42CD36A11AA7C40E007CEAA7 /* DynamicFontTableContainerViewControllerTests.m in Sources */ = {isa = PBXBuildFile; fileRef = 42CD36A01AA7C40E007CEAA7 /* DynamicFontTableContainerViewControllerTests.m */; };
		42D35B181A9EE20F0092B4C1 /* BaseView.m in Sources */ = {isa = PBXBuildFile; fileRef = 42D35B171A9EE20F0092B4C1 /* BaseView.m */; };
		42D35B1B1A9EE3D70092B4C1 /* UIView+BetterBaseClasses.m in Sources */ = {isa = PBXBuildFile; fileRef = 42D35B1A1A9EE3D70092B4C1 /* UIView+BetterBaseClasses.m */; };
		42D35B1E1A9EF32F0092B4C1 /* UIView+BetterBaseClassesTests.m in Sources */ = {isa = PBXBuildFile; fileRef = 42D35B1C1A9EF3230092B4C1 /* UIView+BetterBaseClassesTests.m */; };
/* End PBXBuildFile section */

/* Begin PBXContainerItemProxy section */
		424F60241A9ACAB30041DC64 /* PBXContainerItemProxy */ = {
			isa = PBXContainerItemProxy;
			containerPortal = 424F600F1A9ACAB30041DC64 /* Project object */;
			proxyType = 1;
			remoteGlobalIDString = 424F60161A9ACAB30041DC64;
			remoteInfo = BetterBaseControllers;
		};
/* End PBXContainerItemProxy section */

/* Begin PBXCopyFilesBuildPhase section */
		424F60151A9ACAB30041DC64 /* CopyFiles */ = {
			isa = PBXCopyFilesBuildPhase;
			buildActionMask = 2147483647;
			dstPath = "include/$(PRODUCT_NAME)";
			dstSubfolderSpec = 16;
			files = (
				424F601B1A9ACAB30041DC64 /* BetterBaseClasses.h in CopyFiles */,
			);
			runOnlyForDeploymentPostprocessing = 0;
		};
/* End PBXCopyFilesBuildPhase section */

/* Begin PBXFileReference section */
		26068A27374B284FACA95FD3 /* libPods-BetterBaseClasses.a */ = {isa = PBXFileReference; explicitFileType = archive.ar; includeInIndex = 0; path = "libPods-BetterBaseClasses.a"; sourceTree = BUILT_PRODUCTS_DIR; };
		420A6E8D1AE0640D00068428 /* BaseAppDelegate.h */ = {isa = PBXFileReference; fileEncoding = 4; lastKnownFileType = sourcecode.c.h; path = BaseAppDelegate.h; sourceTree = "<group>"; };
		420A6E8E1AE0640D00068428 /* BaseAppDelegate.m */ = {isa = PBXFileReference; fileEncoding = 4; lastKnownFileType = sourcecode.c.objc; path = BaseAppDelegate.m; sourceTree = "<group>"; };
		420A6E971AE06EB900068428 /* BaseAppDelegateTests.m */ = {isa = PBXFileReference; fileEncoding = 4; lastKnownFileType = sourcecode.c.objc; path = BaseAppDelegateTests.m; sourceTree = "<group>"; };
		4225106D1AA52EC10078C6BF /* DynamicFontView.h */ = {isa = PBXFileReference; fileEncoding = 4; lastKnownFileType = sourcecode.c.h; path = DynamicFontView.h; sourceTree = "<group>"; };
		4225106E1AA52EC10078C6BF /* DynamicFontView.m */ = {isa = PBXFileReference; fileEncoding = 4; lastKnownFileType = sourcecode.c.objc; path = DynamicFontView.m; sourceTree = "<group>"; };
		422510731AA533C30078C6BF /* DynamicFontTableViewCell.h */ = {isa = PBXFileReference; fileEncoding = 4; lastKnownFileType = sourcecode.c.h; path = DynamicFontTableViewCell.h; sourceTree = "<group>"; };
		422510741AA533C30078C6BF /* DynamicFontTableViewCell.m */ = {isa = PBXFileReference; fileEncoding = 4; lastKnownFileType = sourcecode.c.objc; path = DynamicFontTableViewCell.m; sourceTree = "<group>"; };
		422510781AA534D60078C6BF /* DynamicFontTableViewCellTests.m */ = {isa = PBXFileReference; fileEncoding = 4; lastKnownFileType = sourcecode.c.objc; path = DynamicFontTableViewCellTests.m; sourceTree = "<group>"; };
		4225107A1AA534E80078C6BF /* DynamicFontViewTests.m */ = {isa = PBXFileReference; fileEncoding = 4; lastKnownFileType = sourcecode.c.objc; path = DynamicFontViewTests.m; sourceTree = "<group>"; };
		424F60171A9ACAB30041DC64 /* libBetterBaseClasses.a */ = {isa = PBXFileReference; explicitFileType = archive.ar; includeInIndex = 0; path = libBetterBaseClasses.a; sourceTree = BUILT_PRODUCTS_DIR; };
		424F601A1A9ACAB30041DC64 /* BetterBaseClasses.h */ = {isa = PBXFileReference; lastKnownFileType = sourcecode.c.h; path = BetterBaseClasses.h; sourceTree = "<group>"; };
		424F60221A9ACAB30041DC64 /* BetterBaseClassesTests.xctest */ = {isa = PBXFileReference; explicitFileType = wrapper.cfbundle; includeInIndex = 0; path = BetterBaseClassesTests.xctest; sourceTree = BUILT_PRODUCTS_DIR; };
		424F60281A9ACAB30041DC64 /* Info.plist */ = {isa = PBXFileReference; lastKnownFileType = text.plist.xml; path = Info.plist; sourceTree = "<group>"; };
		424F60311A9ACAF70041DC64 /* UIViewController+BetterBaseClasses.h */ = {isa = PBXFileReference; fileEncoding = 4; lastKnownFileType = sourcecode.c.h; name = "UIViewController+BetterBaseClasses.h"; path = "Controllers/UIViewController+BetterBaseClasses.h"; sourceTree = "<group>"; };
		424F60321A9ACAF70041DC64 /* UIViewController+BetterBaseClasses.m */ = {isa = PBXFileReference; fileEncoding = 4; lastKnownFileType = sourcecode.c.objc; name = "UIViewController+BetterBaseClasses.m"; path = "Controllers/UIViewController+BetterBaseClasses.m"; sourceTree = "<group>"; };
		424F60341A9ACF860041DC64 /* BaseTableViewController.h */ = {isa = PBXFileReference; fileEncoding = 4; lastKnownFileType = sourcecode.c.h; path = BaseTableViewController.h; sourceTree = "<group>"; };
		424F60351A9ACF860041DC64 /* BaseTableViewController.m */ = {isa = PBXFileReference; fileEncoding = 4; lastKnownFileType = sourcecode.c.objc; path = BaseTableViewController.m; sourceTree = "<group>"; };
		424F60371A9ACF930041DC64 /* BaseViewController.h */ = {isa = PBXFileReference; fileEncoding = 4; lastKnownFileType = sourcecode.c.h; path = BaseViewController.h; sourceTree = "<group>"; };
		424F60381A9ACF930041DC64 /* BaseViewController.m */ = {isa = PBXFileReference; fileEncoding = 4; lastKnownFileType = sourcecode.c.objc; path = BaseViewController.m; sourceTree = "<group>"; };
		4280FACC1AA51242009F2FE6 /* DynamicFontViewController.h */ = {isa = PBXFileReference; fileEncoding = 4; lastKnownFileType = sourcecode.c.h; path = DynamicFontViewController.h; sourceTree = "<group>"; };
		4280FACD1AA51242009F2FE6 /* DynamicFontViewController.m */ = {isa = PBXFileReference; fileEncoding = 4; lastKnownFileType = sourcecode.c.objc; path = DynamicFontViewController.m; sourceTree = "<group>"; };
		4280FAD11AA516B4009F2FE6 /* DynamicFontTableViewController.h */ = {isa = PBXFileReference; fileEncoding = 4; lastKnownFileType = sourcecode.c.h; path = DynamicFontTableViewController.h; sourceTree = "<group>"; };
		4280FAD21AA516B4009F2FE6 /* DynamicFontTableViewController.m */ = {isa = PBXFileReference; fileEncoding = 4; lastKnownFileType = sourcecode.c.objc; path = DynamicFontTableViewController.m; sourceTree = "<group>"; };
		4280FAD61AA51851009F2FE6 /* DynamicFontTableViewControllerTests.m */ = {isa = PBXFileReference; fileEncoding = 4; lastKnownFileType = sourcecode.c.objc; path = DynamicFontTableViewControllerTests.m; sourceTree = "<group>"; };
		4280FAD81AA51A4A009F2FE6 /* DynamicFontViewControllerTests.m */ = {isa = PBXFileReference; fileEncoding = 4; lastKnownFileType = sourcecode.c.objc; path = DynamicFontViewControllerTests.m; sourceTree = "<group>"; };
		428460081AE07CFF0065B813 /* AppDelegateNotificationKeys.h */ = {isa = PBXFileReference; fileEncoding = 4; lastKnownFileType = sourcecode.c.h; path = AppDelegateNotificationKeys.h; sourceTree = "<group>"; };
		428460091AE07CFF0065B813 /* AppDelegateNotificationKeys.m */ = {isa = PBXFileReference; fileEncoding = 4; lastKnownFileType = sourcecode.c.objc; path = AppDelegateNotificationKeys.m; sourceTree = "<group>"; };
		4284600E1AE0843E0065B813 /* BetterBaseControllers.h */ = {isa = PBXFileReference; lastKnownFileType = sourcecode.c.h; path = BetterBaseControllers.h; sourceTree = "<group>"; };
		4284600F1AE0846E0065B813 /* BetterBaseConstants.h */ = {isa = PBXFileReference; lastKnownFileType = sourcecode.c.h; path = BetterBaseConstants.h; sourceTree = "<group>"; };
		428460101AE084960065B813 /* BetterBaseViews.h */ = {isa = PBXFileReference; lastKnownFileType = sourcecode.c.h; path = BetterBaseViews.h; sourceTree = "<group>"; };
		428F4EB31A9F0B6B000F4FD7 /* BaseTableViewCell.h */ = {isa = PBXFileReference; fileEncoding = 4; lastKnownFileType = sourcecode.c.h; path = BaseTableViewCell.h; sourceTree = "<group>"; };
		428F4EB41A9F0B6B000F4FD7 /* BaseTableViewCell.m */ = {isa = PBXFileReference; fileEncoding = 4; lastKnownFileType = sourcecode.c.objc; path = BaseTableViewCell.m; sourceTree = "<group>"; };
		428F4EB71A9F0F65000F4FD7 /* BaseViewTests.m */ = {isa = PBXFileReference; fileEncoding = 4; lastKnownFileType = sourcecode.c.objc; path = BaseViewTests.m; sourceTree = "<group>"; };
		428F4EB91A9F0F78000F4FD7 /* BaseTableViewCellTests.m */ = {isa = PBXFileReference; fileEncoding = 4; lastKnownFileType = sourcecode.c.objc; path = BaseTableViewCellTests.m; sourceTree = "<group>"; };
		42A13CD01A9AD75000D76B87 /* UIViewController+BetterBaseClassesTests.m */ = {isa = PBXFileReference; fileEncoding = 4; lastKnownFileType = sourcecode.c.objc; path = "UIViewController+BetterBaseClassesTests.m"; sourceTree = "<group>"; };
		42A13CD41A9AD76800D76B87 /* BaseTableViewControllerTests.m */ = {isa = PBXFileReference; fileEncoding = 4; lastKnownFileType = sourcecode.c.objc; path = BaseTableViewControllerTests.m; sourceTree = "<group>"; };
		42A13CD61A9AD77400D76B87 /* BaseViewControllerTests.m */ = {isa = PBXFileReference; fileEncoding = 4; lastKnownFileType = sourcecode.c.objc; path = BaseViewControllerTests.m; sourceTree = "<group>"; };
		42CD369D1AA7C2D4007CEAA7 /* DynamicFontTableContainerViewController.h */ = {isa = PBXFileReference; fileEncoding = 4; lastKnownFileType = sourcecode.c.h; path = DynamicFontTableContainerViewController.h; sourceTree = "<group>"; };
		42CD369E1AA7C2D4007CEAA7 /* DynamicFontTableContainerViewController.m */ = {isa = PBXFileReference; fileEncoding = 4; lastKnownFileType = sourcecode.c.objc; path = DynamicFontTableContainerViewController.m; sourceTree = "<group>"; };
		42CD36A01AA7C40E007CEAA7 /* DynamicFontTableContainerViewControllerTests.m */ = {isa = PBXFileReference; fileEncoding = 4; lastKnownFileType = sourcecode.c.objc; path = DynamicFontTableContainerViewControllerTests.m; sourceTree = "<group>"; };
		42D35B161A9EE20F0092B4C1 /* BaseView.h */ = {isa = PBXFileReference; fileEncoding = 4; lastKnownFileType = sourcecode.c.h; path = BaseView.h; sourceTree = "<group>"; };
		42D35B171A9EE20F0092B4C1 /* BaseView.m */ = {isa = PBXFileReference; fileEncoding = 4; lastKnownFileType = sourcecode.c.objc; path = BaseView.m; sourceTree = "<group>"; };
		42D35B191A9EE3D70092B4C1 /* UIView+BetterBaseClasses.h */ = {isa = PBXFileReference; fileEncoding = 4; lastKnownFileType = sourcecode.c.h; name = "UIView+BetterBaseClasses.h"; path = "Views/UIView+BetterBaseClasses.h"; sourceTree = "<group>"; };
		42D35B1A1A9EE3D70092B4C1 /* UIView+BetterBaseClasses.m */ = {isa = PBXFileReference; fileEncoding = 4; lastKnownFileType = sourcecode.c.objc; name = "UIView+BetterBaseClasses.m"; path = "Views/UIView+BetterBaseClasses.m"; sourceTree = "<group>"; };
		42D35B1C1A9EF3230092B4C1 /* UIView+BetterBaseClassesTests.m */ = {isa = PBXFileReference; fileEncoding = 4; lastKnownFileType = sourcecode.c.objc; path = "UIView+BetterBaseClassesTests.m"; sourceTree = "<group>"; };
		70B010B876E9891039A6E4BB /* libPods-BetterBaseClassesTests.a */ = {isa = PBXFileReference; explicitFileType = archive.ar; includeInIndex = 0; path = "libPods-BetterBaseClassesTests.a"; sourceTree = BUILT_PRODUCTS_DIR; };
		897DEAFE9E48222E8ABC010C /* Pods-BetterBaseClasses.debug.xcconfig */ = {isa = PBXFileReference; includeInIndex = 1; lastKnownFileType = text.xcconfig; name = "Pods-BetterBaseClasses.debug.xcconfig"; path = "Pods/Target Support Files/Pods-BetterBaseClasses/Pods-BetterBaseClasses.debug.xcconfig"; sourceTree = "<group>"; };
		99B7FC16BB5466273E60BCA0 /* Pods-BetterBaseClasses.release.xcconfig */ = {isa = PBXFileReference; includeInIndex = 1; lastKnownFileType = text.xcconfig; name = "Pods-BetterBaseClasses.release.xcconfig"; path = "Pods/Target Support Files/Pods-BetterBaseClasses/Pods-BetterBaseClasses.release.xcconfig"; sourceTree = "<group>"; };
		BCBD6A0786EFAD1D9FCBF9C1 /* Pods-BetterBaseClassesTests.release.xcconfig */ = {isa = PBXFileReference; includeInIndex = 1; lastKnownFileType = text.xcconfig; name = "Pods-BetterBaseClassesTests.release.xcconfig"; path = "Pods/Target Support Files/Pods-BetterBaseClassesTests/Pods-BetterBaseClassesTests.release.xcconfig"; sourceTree = "<group>"; };
		C195749A399CC9C1FFF64A5D /* Pods-BetterBaseClassesTests.debug.xcconfig */ = {isa = PBXFileReference; includeInIndex = 1; lastKnownFileType = text.xcconfig; name = "Pods-BetterBaseClassesTests.debug.xcconfig"; path = "Pods/Target Support Files/Pods-BetterBaseClassesTests/Pods-BetterBaseClassesTests.debug.xcconfig"; sourceTree = "<group>"; };
/* End PBXFileReference section */

/* Begin PBXFrameworksBuildPhase section */
		424F60141A9ACAB30041DC64 /* Frameworks */ = {
			isa = PBXFrameworksBuildPhase;
			buildActionMask = 2147483647;
			files = (
				0006C72113B5CDC9E892C241 /* libPods-BetterBaseClasses.a in Frameworks */,
			);
			runOnlyForDeploymentPostprocessing = 0;
		};
		424F601F1A9ACAB30041DC64 /* Frameworks */ = {
			isa = PBXFrameworksBuildPhase;
			buildActionMask = 2147483647;
			files = (
				424F60231A9ACAB30041DC64 /* libBetterBaseClasses.a in Frameworks */,
				3C45EEBF192C128192DEA5FF /* libPods-BetterBaseClassesTests.a in Frameworks */,
			);
			runOnlyForDeploymentPostprocessing = 0;
		};
/* End PBXFrameworksBuildPhase section */

/* Begin PBXGroup section */
		40931B49B9AEB1CC92A8032D /* Frameworks */ = {
			isa = PBXGroup;
			children = (
				26068A27374B284FACA95FD3 /* libPods-BetterBaseClasses.a */,
				70B010B876E9891039A6E4BB /* libPods-BetterBaseClassesTests.a */,
			);
			name = Frameworks;
			sourceTree = "<group>";
		};
		420A6E8C1AE063D500068428 /* AppDelegate */ = {
			isa = PBXGroup;
			children = (
				420A6E8D1AE0640D00068428 /* BaseAppDelegate.h */,
				420A6E8E1AE0640D00068428 /* BaseAppDelegate.m */,
			);
			name = AppDelegate;
			sourceTree = "<group>";
		};
		420A6E961AE06E9D00068428 /* AppDelegate */ = {
			isa = PBXGroup;
			children = (
				420A6E971AE06EB900068428 /* BaseAppDelegateTests.m */,
			);
			name = AppDelegate;
			sourceTree = "<group>";
		};
		422510711AA52EEF0078C6BF /* UIView */ = {
			isa = PBXGroup;
			children = (
				42D35B161A9EE20F0092B4C1 /* BaseView.h */,
				42D35B171A9EE20F0092B4C1 /* BaseView.m */,
				4225106D1AA52EC10078C6BF /* DynamicFontView.h */,
				4225106E1AA52EC10078C6BF /* DynamicFontView.m */,
			);
			name = UIView;
			sourceTree = "<group>";
		};
		422510721AA52EF10078C6BF /* UITableViewCell */ = {
			isa = PBXGroup;
			children = (
				428F4EB31A9F0B6B000F4FD7 /* BaseTableViewCell.h */,
				428F4EB41A9F0B6B000F4FD7 /* BaseTableViewCell.m */,
				422510731AA533C30078C6BF /* DynamicFontTableViewCell.h */,
				422510741AA533C30078C6BF /* DynamicFontTableViewCell.m */,
			);
			name = UITableViewCell;
			sourceTree = "<group>";
		};
		422510761AA534C00078C6BF /* UITableViewCell */ = {
			isa = PBXGroup;
			children = (
				428F4EB91A9F0F78000F4FD7 /* BaseTableViewCellTests.m */,
				422510781AA534D60078C6BF /* DynamicFontTableViewCellTests.m */,
			);
			name = UITableViewCell;
			sourceTree = "<group>";
		};
		422510771AA534C30078C6BF /* UIView */ = {
			isa = PBXGroup;
			children = (
				428F4EB71A9F0F65000F4FD7 /* BaseViewTests.m */,
				4225107A1AA534E80078C6BF /* DynamicFontViewTests.m */,
			);
			name = UIView;
			sourceTree = "<group>";
		};
		424F600E1A9ACAB30041DC64 = {
			isa = PBXGroup;
			children = (
				424F60191A9ACAB30041DC64 /* BetterBaseClasses */,
				424F60261A9ACAB30041DC64 /* BetterBaseClassesTests */,
				424F60181A9ACAB30041DC64 /* Products */,
				F59820B7D8E4F47F57B0B6A9 /* Pods */,
				40931B49B9AEB1CC92A8032D /* Frameworks */,
			);
			sourceTree = "<group>";
		};
		424F60181A9ACAB30041DC64 /* Products */ = {
			isa = PBXGroup;
			children = (
				424F60171A9ACAB30041DC64 /* libBetterBaseClasses.a */,
				424F60221A9ACAB30041DC64 /* BetterBaseClassesTests.xctest */,
			);
			name = Products;
			sourceTree = "<group>";
		};
		424F60191A9ACAB30041DC64 /* BetterBaseClasses */ = {
			isa = PBXGroup;
			children = (
				424F603C1A9ACFA00041DC64 /* ~Public Headers */,
				42B354CA1CC8401B009F623E /* Categories */,
				428460071AE07CFF0065B813 /* Constants */,
				424F603A1A9ACF990041DC64 /* Controllers */,
				42D35B151A9EE1E00092B4C1 /* Views */,
			);
			path = BetterBaseClasses;
			sourceTree = "<group>";
		};
		424F60261A9ACAB30041DC64 /* BetterBaseClassesTests */ = {
			isa = PBXGroup;
			children = (
				42A13CCF1A9AD74000D76B87 /* Cases */,
				424F60271A9ACAB30041DC64 /* Supporting Files */,
			);
			path = BetterBaseClassesTests;
			sourceTree = "<group>";
		};
		424F60271A9ACAB30041DC64 /* Supporting Files */ = {
			isa = PBXGroup;
			children = (
				424F60281A9ACAB30041DC64 /* Info.plist */,
			);
			name = "Supporting Files";
			sourceTree = "<group>";
		};
		424F603A1A9ACF990041DC64 /* Controllers */ = {
			isa = PBXGroup;
			children = (
				420A6E8C1AE063D500068428 /* AppDelegate */,
				4280FAD01AA51672009F2FE6 /* UITableViewController */,
				4280FACF1AA51667009F2FE6 /* UIViewController */,
			);
			path = Controllers;
			sourceTree = "<group>";
		};
		424F603C1A9ACFA00041DC64 /* ~Public Headers */ = {
			isa = PBXGroup;
			children = (
				424F601A1A9ACAB30041DC64 /* BetterBaseClasses.h */,
				4284600F1AE0846E0065B813 /* BetterBaseConstants.h */,
				4284600E1AE0843E0065B813 /* BetterBaseControllers.h */,
				428460101AE084960065B813 /* BetterBaseViews.h */,
			);
			name = "~Public Headers";
			sourceTree = "<group>";
		};
		4280FACF1AA51667009F2FE6 /* UIViewController */ = {
			isa = PBXGroup;
			children = (
				424F60371A9ACF930041DC64 /* BaseViewController.h */,
				424F60381A9ACF930041DC64 /* BaseViewController.m */,
				42CD369D1AA7C2D4007CEAA7 /* DynamicFontTableContainerViewController.h */,
				42CD369E1AA7C2D4007CEAA7 /* DynamicFontTableContainerViewController.m */,
				4280FACC1AA51242009F2FE6 /* DynamicFontViewController.h */,
				4280FACD1AA51242009F2FE6 /* DynamicFontViewController.m */,
			);
			name = UIViewController;
			sourceTree = "<group>";
		};
		4280FAD01AA51672009F2FE6 /* UITableViewController */ = {
			isa = PBXGroup;
			children = (
				424F60341A9ACF860041DC64 /* BaseTableViewController.h */,
				424F60351A9ACF860041DC64 /* BaseTableViewController.m */,
				4280FAD11AA516B4009F2FE6 /* DynamicFontTableViewController.h */,
				4280FAD21AA516B4009F2FE6 /* DynamicFontTableViewController.m */,
			);
			name = UITableViewController;
			sourceTree = "<group>";
		};
		4280FAD41AA517FA009F2FE6 /* UITableViewController */ = {
			isa = PBXGroup;
			children = (
				42A13CD41A9AD76800D76B87 /* BaseTableViewControllerTests.m */,
				4280FAD61AA51851009F2FE6 /* DynamicFontTableViewControllerTests.m */,
			);
			name = UITableViewController;
			sourceTree = "<group>";
		};
		4280FAD51AA51800009F2FE6 /* UIViewController */ = {
			isa = PBXGroup;
			children = (
				42A13CD61A9AD77400D76B87 /* BaseViewControllerTests.m */,
				42CD36A01AA7C40E007CEAA7 /* DynamicFontTableContainerViewControllerTests.m */,
				4280FAD81AA51A4A009F2FE6 /* DynamicFontViewControllerTests.m */,
			);
			name = UIViewController;
			sourceTree = "<group>";
		};
		428460071AE07CFF0065B813 /* Constants */ = {
			isa = PBXGroup;
			children = (
				428460081AE07CFF0065B813 /* AppDelegateNotificationKeys.h */,
				428460091AE07CFF0065B813 /* AppDelegateNotificationKeys.m */,
			);
			path = Constants;
			sourceTree = "<group>";
		};
		428F4EB61A9F0F48000F4FD7 /* Views */ = {
			isa = PBXGroup;
			children = (
				422510761AA534C00078C6BF /* UITableViewCell */,
				422510771AA534C30078C6BF /* UIView */,
			);
			name = Views;
			sourceTree = "<group>";
		};
		42A13CCF1A9AD74000D76B87 /* Cases */ = {
			isa = PBXGroup;
			children = (
				42A13CD21A9AD75800D76B87 /* Categories */,
				42A13CD31A9AD76100D76B87 /* Controllers */,
				428F4EB61A9F0F48000F4FD7 /* Views */,
			);
			name = Cases;
			sourceTree = "<group>";
		};
		42A13CD21A9AD75800D76B87 /* Categories */ = {
			isa = PBXGroup;
			children = (
				42D35B1C1A9EF3230092B4C1 /* UIView+BetterBaseClassesTests.m */,
				42A13CD01A9AD75000D76B87 /* UIViewController+BetterBaseClassesTests.m */,
			);
			name = Categories;
			sourceTree = "<group>";
		};
		42A13CD31A9AD76100D76B87 /* Controllers */ = {
			isa = PBXGroup;
			children = (
				420A6E961AE06E9D00068428 /* AppDelegate */,
				4280FAD41AA517FA009F2FE6 /* UITableViewController */,
				4280FAD51AA51800009F2FE6 /* UIViewController */,
			);
			name = Controllers;
			sourceTree = "<group>";
		};
		42B354CA1CC8401B009F623E /* Categories */ = {
			isa = PBXGroup;
			children = (
				42D35B191A9EE3D70092B4C1 /* UIView+BetterBaseClasses.h */,
				42D35B1A1A9EE3D70092B4C1 /* UIView+BetterBaseClasses.m */,
				424F60311A9ACAF70041DC64 /* UIViewController+BetterBaseClasses.h */,
				424F60321A9ACAF70041DC64 /* UIViewController+BetterBaseClasses.m */,
			);
			name = Categories;
			sourceTree = "<group>";
		};
		42D35B151A9EE1E00092B4C1 /* Views */ = {
			isa = PBXGroup;
			children = (
				422510721AA52EF10078C6BF /* UITableViewCell */,
				422510711AA52EEF0078C6BF /* UIView */,
			);
			path = Views;
			sourceTree = "<group>";
		};
		F59820B7D8E4F47F57B0B6A9 /* Pods */ = {
			isa = PBXGroup;
			children = (
				897DEAFE9E48222E8ABC010C /* Pods-BetterBaseClasses.debug.xcconfig */,
				99B7FC16BB5466273E60BCA0 /* Pods-BetterBaseClasses.release.xcconfig */,
				C195749A399CC9C1FFF64A5D /* Pods-BetterBaseClassesTests.debug.xcconfig */,
				BCBD6A0786EFAD1D9FCBF9C1 /* Pods-BetterBaseClassesTests.release.xcconfig */,
			);
			name = Pods;
			sourceTree = "<group>";
		};
/* End PBXGroup section */

/* Begin PBXNativeTarget section */
		424F60161A9ACAB30041DC64 /* BetterBaseClasses */ = {
			isa = PBXNativeTarget;
			buildConfigurationList = 424F602B1A9ACAB30041DC64 /* Build configuration list for PBXNativeTarget "BetterBaseClasses" */;
			buildPhases = (
				0D30571620F800AC6D067B92 /* 📦 Check Pods Manifest.lock */,
				424F60131A9ACAB30041DC64 /* Sources */,
				424F60141A9ACAB30041DC64 /* Frameworks */,
				424F60151A9ACAB30041DC64 /* CopyFiles */,
				EACB0BE7212FD5B7DB0F4208 /* 📦 Copy Pods Resources */,
			);
			buildRules = (
			);
			dependencies = (
			);
			name = BetterBaseClasses;
			productName = BetterBaseControllers;
			productReference = 424F60171A9ACAB30041DC64 /* libBetterBaseClasses.a */;
			productType = "com.apple.product-type.library.static";
		};
		424F60211A9ACAB30041DC64 /* BetterBaseClassesTests */ = {
			isa = PBXNativeTarget;
			buildConfigurationList = 424F602E1A9ACAB30041DC64 /* Build configuration list for PBXNativeTarget "BetterBaseClassesTests" */;
			buildPhases = (
				9D3F7D113B31D3CC861853B1 /* 📦 Check Pods Manifest.lock */,
				424F601E1A9ACAB30041DC64 /* Sources */,
				424F601F1A9ACAB30041DC64 /* Frameworks */,
				424F60201A9ACAB30041DC64 /* Resources */,
				6015E4967298FB9704FCB7DC /* 📦 Embed Pods Frameworks */,
				34ED8C3E16F8E6430F6FD8A0 /* 📦 Copy Pods Resources */,
			);
			buildRules = (
			);
			dependencies = (
				424F60251A9ACAB30041DC64 /* PBXTargetDependency */,
			);
			name = BetterBaseClassesTests;
			productName = BetterBaseControllersTests;
			productReference = 424F60221A9ACAB30041DC64 /* BetterBaseClassesTests.xctest */;
			productType = "com.apple.product-type.bundle.unit-test";
		};
/* End PBXNativeTarget section */

/* Begin PBXProject section */
		424F600F1A9ACAB30041DC64 /* Project object */ = {
			isa = PBXProject;
			attributes = {
				LastUpgradeCheck = 0710;
				ORGANIZATIONNAME = "Joshua Greene";
				TargetAttributes = {
					424F60161A9ACAB30041DC64 = {
						CreatedOnToolsVersion = 6.1.1;
					};
					424F60211A9ACAB30041DC64 = {
						CreatedOnToolsVersion = 6.1.1;
					};
				};
			};
			buildConfigurationList = 424F60121A9ACAB30041DC64 /* Build configuration list for PBXProject "BetterBaseClasses" */;
			compatibilityVersion = "Xcode 3.2";
			developmentRegion = English;
			hasScannedForEncodings = 0;
			knownRegions = (
				en,
			);
			mainGroup = 424F600E1A9ACAB30041DC64;
			productRefGroup = 424F60181A9ACAB30041DC64 /* Products */;
			projectDirPath = "";
			projectRoot = "";
			targets = (
				424F60161A9ACAB30041DC64 /* BetterBaseClasses */,
				424F60211A9ACAB30041DC64 /* BetterBaseClassesTests */,
			);
		};
/* End PBXProject section */

/* Begin PBXResourcesBuildPhase section */
		424F60201A9ACAB30041DC64 /* Resources */ = {
			isa = PBXResourcesBuildPhase;
			buildActionMask = 2147483647;
			files = (
			);
			runOnlyForDeploymentPostprocessing = 0;
		};
/* End PBXResourcesBuildPhase section */

/* Begin PBXShellScriptBuildPhase section */
		0D30571620F800AC6D067B92 /* 📦 Check Pods Manifest.lock */ = {
			isa = PBXShellScriptBuildPhase;
			buildActionMask = 2147483647;
			files = (
			);
			inputPaths = (
			);
			name = "📦 Check Pods Manifest.lock";
			outputPaths = (
			);
			runOnlyForDeploymentPostprocessing = 0;
			shellPath = /bin/sh;
			shellScript = "diff \"${PODS_ROOT}/../Podfile.lock\" \"${PODS_ROOT}/Manifest.lock\" > /dev/null\nif [[ $? != 0 ]] ; then\n    cat << EOM\nerror: The sandbox is not in sync with the Podfile.lock. Run 'pod install' or update your CocoaPods installation.\nEOM\n    exit 1\nfi\n";
			showEnvVarsInLog = 0;
		};
		34ED8C3E16F8E6430F6FD8A0 /* 📦 Copy Pods Resources */ = {
			isa = PBXShellScriptBuildPhase;
			buildActionMask = 2147483647;
			files = (
			);
			inputPaths = (
			);
			name = "📦 Copy Pods Resources";
			outputPaths = (
			);
			runOnlyForDeploymentPostprocessing = 0;
			shellPath = /bin/sh;
			shellScript = "\"${SRCROOT}/Pods/Target Support Files/Pods-BetterBaseClassesTests/Pods-BetterBaseClassesTests-resources.sh\"\n";
			showEnvVarsInLog = 0;
		};
		6015E4967298FB9704FCB7DC /* 📦 Embed Pods Frameworks */ = {
			isa = PBXShellScriptBuildPhase;
			buildActionMask = 2147483647;
			files = (
			);
			inputPaths = (
			);
			name = "📦 Embed Pods Frameworks";
			outputPaths = (
			);
			runOnlyForDeploymentPostprocessing = 0;
			shellPath = /bin/sh;
			shellScript = "\"${SRCROOT}/Pods/Target Support Files/Pods-BetterBaseClassesTests/Pods-BetterBaseClassesTests-frameworks.sh\"\n";
			showEnvVarsInLog = 0;
		};
		9D3F7D113B31D3CC861853B1 /* 📦 Check Pods Manifest.lock */ = {
			isa = PBXShellScriptBuildPhase;
			buildActionMask = 2147483647;
			files = (
			);
			inputPaths = (
			);
			name = "📦 Check Pods Manifest.lock";
			outputPaths = (
			);
			runOnlyForDeploymentPostprocessing = 0;
			shellPath = /bin/sh;
			shellScript = "diff \"${PODS_ROOT}/../Podfile.lock\" \"${PODS_ROOT}/Manifest.lock\" > /dev/null\nif [[ $? != 0 ]] ; then\n    cat << EOM\nerror: The sandbox is not in sync with the Podfile.lock. Run 'pod install' or update your CocoaPods installation.\nEOM\n    exit 1\nfi\n";
			showEnvVarsInLog = 0;
		};
		EACB0BE7212FD5B7DB0F4208 /* 📦 Copy Pods Resources */ = {
			isa = PBXShellScriptBuildPhase;
			buildActionMask = 2147483647;
			files = (
			);
			inputPaths = (
			);
			name = "📦 Copy Pods Resources";
			outputPaths = (
			);
			runOnlyForDeploymentPostprocessing = 0;
			shellPath = /bin/sh;
			shellScript = "\"${SRCROOT}/Pods/Target Support Files/Pods-BetterBaseClasses/Pods-BetterBaseClasses-resources.sh\"\n";
			showEnvVarsInLog = 0;
		};
/* End PBXShellScriptBuildPhase section */

/* Begin PBXSourcesBuildPhase section */
		424F60131A9ACAB30041DC64 /* Sources */ = {
			isa = PBXSourcesBuildPhase;
			buildActionMask = 2147483647;
			files = (
				4284600A1AE07CFF0065B813 /* AppDelegateNotificationKeys.m in Sources */,
				42CD369F1AA7C2D4007CEAA7 /* DynamicFontTableContainerViewController.m in Sources */,
				422510751AA533C30078C6BF /* DynamicFontTableViewCell.m in Sources */,
				428F4EB51A9F0B6B000F4FD7 /* BaseTableViewCell.m in Sources */,
				4225106F1AA52EC10078C6BF /* DynamicFontView.m in Sources */,
				4280FACE1AA51242009F2FE6 /* DynamicFontViewController.m in Sources */,
				42D35B1B1A9EE3D70092B4C1 /* UIView+BetterBaseClasses.m in Sources */,
				424F60361A9ACF860041DC64 /* BaseTableViewController.m in Sources */,
				420A6E8F1AE0640D00068428 /* BaseAppDelegate.m in Sources */,
				4280FAD31AA516B4009F2FE6 /* DynamicFontTableViewController.m in Sources */,
				424F60391A9ACF930041DC64 /* BaseViewController.m in Sources */,
				424F60331A9ACAF70041DC64 /* UIViewController+BetterBaseClasses.m in Sources */,
				42D35B181A9EE20F0092B4C1 /* BaseView.m in Sources */,
			);
			runOnlyForDeploymentPostprocessing = 0;
		};
		424F601E1A9ACAB30041DC64 /* Sources */ = {
			isa = PBXSourcesBuildPhase;
			buildActionMask = 2147483647;
			files = (
				42D35B1E1A9EF32F0092B4C1 /* UIView+BetterBaseClassesTests.m in Sources */,
				4280FAD71AA51851009F2FE6 /* DynamicFontTableViewControllerTests.m in Sources */,
				4280FAD91AA51A4A009F2FE6 /* DynamicFontViewControllerTests.m in Sources */,
				422510791AA534D60078C6BF /* DynamicFontTableViewCellTests.m in Sources */,
				42CD36A11AA7C40E007CEAA7 /* DynamicFontTableContainerViewControllerTests.m in Sources */,
				42A13CD71A9AD77400D76B87 /* BaseViewControllerTests.m in Sources */,
				428F4EBA1A9F0F78000F4FD7 /* BaseTableViewCellTests.m in Sources */,
				42A13CD51A9AD76800D76B87 /* BaseTableViewControllerTests.m in Sources */,
				4225107B1AA534E80078C6BF /* DynamicFontViewTests.m in Sources */,
				42A13CD11A9AD75000D76B87 /* UIViewController+BetterBaseClassesTests.m in Sources */,
				428F4EBB1A9F0F7D000F4FD7 /* BaseViewTests.m in Sources */,
				420A6E981AE06EB900068428 /* BaseAppDelegateTests.m in Sources */,
			);
			runOnlyForDeploymentPostprocessing = 0;
		};
/* End PBXSourcesBuildPhase section */

/* Begin PBXTargetDependency section */
		424F60251A9ACAB30041DC64 /* PBXTargetDependency */ = {
			isa = PBXTargetDependency;
			target = 424F60161A9ACAB30041DC64 /* BetterBaseClasses */;
			targetProxy = 424F60241A9ACAB30041DC64 /* PBXContainerItemProxy */;
		};
/* End PBXTargetDependency section */

/* Begin XCBuildConfiguration section */
		424F60291A9ACAB30041DC64 /* Debug */ = {
			isa = XCBuildConfiguration;
			buildSettings = {
				ALWAYS_SEARCH_USER_PATHS = NO;
				CLANG_CXX_LANGUAGE_STANDARD = "gnu++0x";
				CLANG_CXX_LIBRARY = "libc++";
				CLANG_ENABLE_MODULES = YES;
				CLANG_ENABLE_OBJC_ARC = YES;
				CLANG_WARN_BOOL_CONVERSION = YES;
				CLANG_WARN_CONSTANT_CONVERSION = YES;
				CLANG_WARN_DIRECT_OBJC_ISA_USAGE = YES_ERROR;
				CLANG_WARN_EMPTY_BODY = YES;
				CLANG_WARN_ENUM_CONVERSION = YES;
				CLANG_WARN_INT_CONVERSION = YES;
				CLANG_WARN_OBJC_ROOT_CLASS = YES_ERROR;
				CLANG_WARN_UNREACHABLE_CODE = YES;
				CLANG_WARN__DUPLICATE_METHOD_MATCH = YES;
				COPY_PHASE_STRIP = NO;
				ENABLE_STRICT_OBJC_MSGSEND = YES;
				ENABLE_TESTABILITY = YES;
				GCC_C_LANGUAGE_STANDARD = gnu99;
				GCC_DYNAMIC_NO_PIC = NO;
				GCC_OPTIMIZATION_LEVEL = 0;
				GCC_PREPROCESSOR_DEFINITIONS = (
					"DEBUG=1",
					"$(inherited)",
				);
				GCC_SYMBOLS_PRIVATE_EXTERN = NO;
				GCC_WARN_64_TO_32_BIT_CONVERSION = YES;
				GCC_WARN_ABOUT_RETURN_TYPE = YES_ERROR;
				GCC_WARN_UNDECLARED_SELECTOR = YES;
				GCC_WARN_UNINITIALIZED_AUTOS = YES_AGGRESSIVE;
				GCC_WARN_UNUSED_FUNCTION = YES;
				GCC_WARN_UNUSED_VARIABLE = YES;
				IPHONEOS_DEPLOYMENT_TARGET = 8.1;
				MTL_ENABLE_DEBUG_INFO = YES;
				ONLY_ACTIVE_ARCH = YES;
				SDKROOT = iphoneos;
			};
			name = Debug;
		};
		424F602A1A9ACAB30041DC64 /* Release */ = {
			isa = XCBuildConfiguration;
			buildSettings = {
				ALWAYS_SEARCH_USER_PATHS = NO;
				CLANG_CXX_LANGUAGE_STANDARD = "gnu++0x";
				CLANG_CXX_LIBRARY = "libc++";
				CLANG_ENABLE_MODULES = YES;
				CLANG_ENABLE_OBJC_ARC = YES;
				CLANG_WARN_BOOL_CONVERSION = YES;
				CLANG_WARN_CONSTANT_CONVERSION = YES;
				CLANG_WARN_DIRECT_OBJC_ISA_USAGE = YES_ERROR;
				CLANG_WARN_EMPTY_BODY = YES;
				CLANG_WARN_ENUM_CONVERSION = YES;
				CLANG_WARN_INT_CONVERSION = YES;
				CLANG_WARN_OBJC_ROOT_CLASS = YES_ERROR;
				CLANG_WARN_UNREACHABLE_CODE = YES;
				CLANG_WARN__DUPLICATE_METHOD_MATCH = YES;
				COPY_PHASE_STRIP = YES;
				ENABLE_NS_ASSERTIONS = NO;
				ENABLE_STRICT_OBJC_MSGSEND = YES;
				GCC_C_LANGUAGE_STANDARD = gnu99;
				GCC_WARN_64_TO_32_BIT_CONVERSION = YES;
				GCC_WARN_ABOUT_RETURN_TYPE = YES_ERROR;
				GCC_WARN_UNDECLARED_SELECTOR = YES;
				GCC_WARN_UNINITIALIZED_AUTOS = YES_AGGRESSIVE;
				GCC_WARN_UNUSED_FUNCTION = YES;
				GCC_WARN_UNUSED_VARIABLE = YES;
				IPHONEOS_DEPLOYMENT_TARGET = 8.1;
				MTL_ENABLE_DEBUG_INFO = NO;
				SDKROOT = iphoneos;
				VALIDATE_PRODUCT = YES;
			};
			name = Release;
		};
		424F602C1A9ACAB30041DC64 /* Debug */ = {
			isa = XCBuildConfiguration;
			baseConfigurationReference = 897DEAFE9E48222E8ABC010C /* Pods-BetterBaseClasses.debug.xcconfig */;
			buildSettings = {
				OTHER_LDFLAGS = "-ObjC";
				PRODUCT_NAME = BetterBaseClasses;
			};
			name = Debug;
		};
		424F602D1A9ACAB30041DC64 /* Release */ = {
			isa = XCBuildConfiguration;
			baseConfigurationReference = 99B7FC16BB5466273E60BCA0 /* Pods-BetterBaseClasses.release.xcconfig */;
			buildSettings = {
				OTHER_LDFLAGS = "-ObjC";
				PRODUCT_NAME = BetterBaseClasses;
			};
			name = Release;
		};
		424F602F1A9ACAB30041DC64 /* Debug */ = {
			isa = XCBuildConfiguration;
			baseConfigurationReference = C195749A399CC9C1FFF64A5D /* Pods-BetterBaseClassesTests.debug.xcconfig */;
			buildSettings = {
				GCC_PREPROCESSOR_DEFINITIONS = (
					"DEBUG=1",
					"$(inherited)",
				);
				INFOPLIST_FILE = BetterBaseClassesTests/Info.plist;
				PRODUCT_BUNDLE_IDENTIFIER = "com.jrgdeveloper.$(PRODUCT_NAME:rfc1034identifier)";
				PRODUCT_NAME = BetterBaseClassesTests;
			};
			name = Debug;
		};
		424F60301A9ACAB30041DC64 /* Release */ = {
			isa = XCBuildConfiguration;
			baseConfigurationReference = BCBD6A0786EFAD1D9FCBF9C1 /* Pods-BetterBaseClassesTests.release.xcconfig */;
			buildSettings = {
				INFOPLIST_FILE = BetterBaseClassesTests/Info.plist;
				PRODUCT_BUNDLE_IDENTIFIER = "com.jrgdeveloper.$(PRODUCT_NAME:rfc1034identifier)";
				PRODUCT_NAME = BetterBaseClassesTests;
			};
			name = Release;
		};
/* End XCBuildConfiguration section */

/* Begin XCConfigurationList section */
		424F60121A9ACAB30041DC64 /* Build configuration list for PBXProject "BetterBaseClasses" */ = {
			isa = XCConfigurationList;
			buildConfigurations = (
				424F60291A9ACAB30041DC64 /* Debug */,
				424F602A1A9ACAB30041DC64 /* Release */,
			);
			defaultConfigurationIsVisible = 0;
			defaultConfigurationName = Release;
		};
		424F602B1A9ACAB30041DC64 /* Build configuration list for PBXNativeTarget "BetterBaseClasses" */ = {
			isa = XCConfigurationList;
			buildConfigurations = (
				424F602C1A9ACAB30041DC64 /* Debug */,
				424F602D1A9ACAB30041DC64 /* Release */,
			);
			defaultConfigurationIsVisible = 0;
			defaultConfigurationName = Release;
		};
		424F602E1A9ACAB30041DC64 /* Build configuration list for PBXNativeTarget "BetterBaseClassesTests" */ = {
			isa = XCConfigurationList;
			buildConfigurations = (
				424F602F1A9ACAB30041DC64 /* Debug */,
				424F60301A9ACAB30041DC64 /* Release */,
			);
			defaultConfigurationIsVisible = 0;
			defaultConfigurationName = Release;
		};
/* End XCConfigurationList section */
	};
	rootObject = 424F600F1A9ACAB30041DC64 /* Project object */;
}
